
Microsoft Visual Studio Solution File, Format Version 12.00
# Visual Studio Version 16
VisualStudioVersion = 16.0.29318.209
MinimumVisualStudioVersion = 10.0.40219.1
Project("{9A19103F-16F7-4668-BE54-9A1E7A4F7556}") = "Dapr.Actors", "..\src\Dapr.Actors\Dapr.Actors.csproj", "{C2DB4B64-B7C3-4FED-8753-C040F677C69A}"
EndProject
Project("{9A19103F-16F7-4668-BE54-9A1E7A4F7556}") = "Dapr.Actors.Test", "Dapr.Actors.Test\Dapr.Actors.Test.csproj", "{41BF4392-54BD-4FE7-A3EB-CD045F88CA9A}"
EndProject
Project("{9A19103F-16F7-4668-BE54-9A1E7A4F7556}") = "Dapr.Actors.AspNetCore", "..\src\Dapr.Actors.AspNetCore\Dapr.Actors.AspNetCore.csproj", "{B9C12532-0969-4DAC-A2F8-CA9208D7A901}"
EndProject
Project("{2150E333-8FDC-42A3-9474-1A3956D46DE8}") = "src", "src", "{27C5D71D-0721-4221-9286-B94AB07B58CF}"
EndProject
Project("{9A19103F-16F7-4668-BE54-9A1E7A4F7556}") = "Dapr.Client", "..\src\Dapr.Client\Dapr.Client.csproj", "{62E41317-ED5D-4AA4-B129-C9E56C27354C}"
EndProject
Project("{9A19103F-16F7-4668-BE54-9A1E7A4F7556}") = "Dapr.AspNetCore", "..\src\Dapr.AspNetCore\Dapr.AspNetCore.csproj", "{08D602F6-7C11-4653-B70B-B56333BF6FD2}"
EndProject
Project("{2150E333-8FDC-42A3-9474-1A3956D46DE8}") = "test", "test", "{DD020B34-460F-455F-8D17-CF4A949F100B}"
EndProject
Project("{9A19103F-16F7-4668-BE54-9A1E7A4F7556}") = "Dapr.Client.Test", "Dapr.Client.Test\Dapr.Client.Test.csproj", "{383609C1-F43F-49EB-85E4-1964EE7F0F14}"
EndProject
Project("{9A19103F-16F7-4668-BE54-9A1E7A4F7556}") = "Dapr.AspNetCore.Test", "Dapr.AspNetCore.Test\Dapr.AspNetCore.Test.csproj", "{B314AD5E-10AC-418A-B021-D4206BF37ACF}"
EndProject
Project("{9A19103F-16F7-4668-BE54-9A1E7A4F7556}") = "Dapr.AspNetCore.IntegrationTest", "Dapr.AspNetCore.IntegrationTest\Dapr.AspNetCore.IntegrationTest.csproj", "{0CD1912D-5E27-4A2A-A998-164792E0D006}"
EndProject
Project("{9A19103F-16F7-4668-BE54-9A1E7A4F7556}") = "Dapr.AspNetCore.IntegrationTest.App", "Dapr.AspNetCore.IntegrationTest.App\Dapr.AspNetCore.IntegrationTest.App.csproj", "{342783B5-F75B-4752-A3E2-B8CB7D09C080}"
EndProject
Project("{FAE04EC0-301F-11D3-BF4B-00C04F79EFBC}") = "Dapr.Extensions.Configuration.Test", "Dapr.Extensions.Configuration.Test\Dapr.Extensions.Configuration.Test.csproj", "{F676A444-9099-4382-9399-16C6F9A02AD1}"
EndProject
Global
	GlobalSection(SolutionConfigurationPlatforms) = preSolution
		Debug|Any CPU = Debug|Any CPU
		Release|Any CPU = Release|Any CPU
	EndGlobalSection
	GlobalSection(ProjectConfigurationPlatforms) = postSolution
		{C2DB4B64-B7C3-4FED-8753-C040F677C69A}.Debug|Any CPU.ActiveCfg = Debug|Any CPU
		{C2DB4B64-B7C3-4FED-8753-C040F677C69A}.Debug|Any CPU.Build.0 = Debug|Any CPU
		{C2DB4B64-B7C3-4FED-8753-C040F677C69A}.Release|Any CPU.ActiveCfg = Release|Any CPU
		{C2DB4B64-B7C3-4FED-8753-C040F677C69A}.Release|Any CPU.Build.0 = Release|Any CPU
		{41BF4392-54BD-4FE7-A3EB-CD045F88CA9A}.Debug|Any CPU.ActiveCfg = Debug|Any CPU
		{41BF4392-54BD-4FE7-A3EB-CD045F88CA9A}.Debug|Any CPU.Build.0 = Debug|Any CPU
		{41BF4392-54BD-4FE7-A3EB-CD045F88CA9A}.Release|Any CPU.ActiveCfg = Release|Any CPU
		{41BF4392-54BD-4FE7-A3EB-CD045F88CA9A}.Release|Any CPU.Build.0 = Release|Any CPU
		{B9C12532-0969-4DAC-A2F8-CA9208D7A901}.Debug|Any CPU.ActiveCfg = Debug|Any CPU
		{B9C12532-0969-4DAC-A2F8-CA9208D7A901}.Debug|Any CPU.Build.0 = Debug|Any CPU
		{B9C12532-0969-4DAC-A2F8-CA9208D7A901}.Release|Any CPU.ActiveCfg = Release|Any CPU
		{B9C12532-0969-4DAC-A2F8-CA9208D7A901}.Release|Any CPU.Build.0 = Release|Any CPU
		{62E41317-ED5D-4AA4-B129-C9E56C27354C}.Debug|Any CPU.ActiveCfg = Debug|Any CPU
		{62E41317-ED5D-4AA4-B129-C9E56C27354C}.Debug|Any CPU.Build.0 = Debug|Any CPU
		{62E41317-ED5D-4AA4-B129-C9E56C27354C}.Release|Any CPU.ActiveCfg = Release|Any CPU
		{62E41317-ED5D-4AA4-B129-C9E56C27354C}.Release|Any CPU.Build.0 = Release|Any CPU
		{08D602F6-7C11-4653-B70B-B56333BF6FD2}.Debug|Any CPU.ActiveCfg = Debug|Any CPU
		{08D602F6-7C11-4653-B70B-B56333BF6FD2}.Debug|Any CPU.Build.0 = Debug|Any CPU
		{08D602F6-7C11-4653-B70B-B56333BF6FD2}.Release|Any CPU.ActiveCfg = Release|Any CPU
		{08D602F6-7C11-4653-B70B-B56333BF6FD2}.Release|Any CPU.Build.0 = Release|Any CPU
		{383609C1-F43F-49EB-85E4-1964EE7F0F14}.Debug|Any CPU.ActiveCfg = Debug|Any CPU
		{383609C1-F43F-49EB-85E4-1964EE7F0F14}.Debug|Any CPU.Build.0 = Debug|Any CPU
		{383609C1-F43F-49EB-85E4-1964EE7F0F14}.Release|Any CPU.ActiveCfg = Release|Any CPU
		{383609C1-F43F-49EB-85E4-1964EE7F0F14}.Release|Any CPU.Build.0 = Release|Any CPU
		{B314AD5E-10AC-418A-B021-D4206BF37ACF}.Debug|Any CPU.ActiveCfg = Debug|Any CPU
		{B314AD5E-10AC-418A-B021-D4206BF37ACF}.Debug|Any CPU.Build.0 = Debug|Any CPU
		{B314AD5E-10AC-418A-B021-D4206BF37ACF}.Release|Any CPU.ActiveCfg = Release|Any CPU
		{B314AD5E-10AC-418A-B021-D4206BF37ACF}.Release|Any CPU.Build.0 = Release|Any CPU
		{0CD1912D-5E27-4A2A-A998-164792E0D006}.Debug|Any CPU.ActiveCfg = Debug|Any CPU
		{0CD1912D-5E27-4A2A-A998-164792E0D006}.Debug|Any CPU.Build.0 = Debug|Any CPU
		{0CD1912D-5E27-4A2A-A998-164792E0D006}.Release|Any CPU.ActiveCfg = Release|Any CPU
		{0CD1912D-5E27-4A2A-A998-164792E0D006}.Release|Any CPU.Build.0 = Release|Any CPU
		{342783B5-F75B-4752-A3E2-B8CB7D09C080}.Debug|Any CPU.ActiveCfg = Debug|Any CPU
		{342783B5-F75B-4752-A3E2-B8CB7D09C080}.Debug|Any CPU.Build.0 = Debug|Any CPU
		{342783B5-F75B-4752-A3E2-B8CB7D09C080}.Release|Any CPU.ActiveCfg = Release|Any CPU
		{342783B5-F75B-4752-A3E2-B8CB7D09C080}.Release|Any CPU.Build.0 = Release|Any CPU
		{F676A444-9099-4382-9399-16C6F9A02AD1}.Debug|Any CPU.ActiveCfg = Debug|Any CPU
		{F676A444-9099-4382-9399-16C6F9A02AD1}.Debug|Any CPU.Build.0 = Debug|Any CPU
		{F676A444-9099-4382-9399-16C6F9A02AD1}.Release|Any CPU.ActiveCfg = Release|Any CPU
		{F676A444-9099-4382-9399-16C6F9A02AD1}.Release|Any CPU.Build.0 = Release|Any CPU
	EndGlobalSection
	GlobalSection(SolutionProperties) = preSolution
		HideSolutionNode = FALSE
	EndGlobalSection
	GlobalSection(NestedProjects) = preSolution
		{C2DB4B64-B7C3-4FED-8753-C040F677C69A} = {27C5D71D-0721-4221-9286-B94AB07B58CF}
		{41BF4392-54BD-4FE7-A3EB-CD045F88CA9A} = {DD020B34-460F-455F-8D17-CF4A949F100B}
		{B9C12532-0969-4DAC-A2F8-CA9208D7A901} = {27C5D71D-0721-4221-9286-B94AB07B58CF}
		{62E41317-ED5D-4AA4-B129-C9E56C27354C} = {27C5D71D-0721-4221-9286-B94AB07B58CF}
		{08D602F6-7C11-4653-B70B-B56333BF6FD2} = {27C5D71D-0721-4221-9286-B94AB07B58CF}
		{383609C1-F43F-49EB-85E4-1964EE7F0F14} = {DD020B34-460F-455F-8D17-CF4A949F100B}
		{B314AD5E-10AC-418A-B021-D4206BF37ACF} = {DD020B34-460F-455F-8D17-CF4A949F100B}
		{0CD1912D-5E27-4A2A-A998-164792E0D006} = {DD020B34-460F-455F-8D17-CF4A949F100B}
		{342783B5-F75B-4752-A3E2-B8CB7D09C080} = {DD020B34-460F-455F-8D17-CF4A949F100B}
	EndGlobalSection
	GlobalSection(ExtensibilityGlobals) = postSolution
		SolutionGuid = {65220BF2-EAE1-4CB2-AA58-EBE80768CB40}
	EndGlobalSection
EndGlobal
