Microsoft Visual Studio Solution File, Format Version 12.00
# Visual Studio Version 17
VisualStudioVersion = 17.3.32929.385
MinimumVisualStudioVersion = 10.0.40219.1
Project("{9A19103F-16F7-4668-BE54-9A1E7A4F7556}") = "Dapr.Actors", "src\Dapr.Actors\Dapr.Actors.csproj", "{C2DB4B64-B7C3-4FED-8753-C040F677C69A}"
EndProject
Project("{9A19103F-16F7-4668-BE54-9A1E7A4F7556}") = "Dapr.Actors.Test", "test\Dapr.Actors.Test\Dapr.Actors.Test.csproj", "{41BF4392-54BD-4FE7-A3EB-CD045F88CA9A}"
EndProject
Project("{9A19103F-16F7-4668-BE54-9A1E7A4F7556}") = "Dapr.Actors.AspNetCore", "src\Dapr.Actors.AspNetCore\Dapr.Actors.AspNetCore.csproj", "{B9C12532-0969-4DAC-A2F8-CA9208D7A901}"
EndProject
Project("{2150E333-8FDC-42A3-9474-1A3956D46DE8}") = "src", "src", "{27C5D71D-0721-4221-9286-B94AB07B58CF}"
EndProject
Project("{9A19103F-16F7-4668-BE54-9A1E7A4F7556}") = "Dapr.Client", "src\Dapr.Client\Dapr.Client.csproj", "{62E41317-ED5D-4AA4-B129-C9E56C27354C}"
EndProject
Project("{9A19103F-16F7-4668-BE54-9A1E7A4F7556}") = "Dapr.AspNetCore", "src\Dapr.AspNetCore\Dapr.AspNetCore.csproj", "{08D602F6-7C11-4653-B70B-B56333BF6FD2}"
EndProject
Project("{2150E333-8FDC-42A3-9474-1A3956D46DE8}") = "test", "test", "{DD020B34-460F-455F-8D17-CF4A949F100B}"
EndProject
Project("{9A19103F-16F7-4668-BE54-9A1E7A4F7556}") = "Dapr.Client.Test", "test\Dapr.Client.Test\Dapr.Client.Test.csproj", "{383609C1-F43F-49EB-85E4-1964EE7F0F14}"
EndProject
Project("{9A19103F-16F7-4668-BE54-9A1E7A4F7556}") = "Dapr.AspNetCore.Test", "test\Dapr.AspNetCore.Test\Dapr.AspNetCore.Test.csproj", "{B314AD5E-10AC-418A-B021-D4206BF37ACF}"
EndProject
Project("{9A19103F-16F7-4668-BE54-9A1E7A4F7556}") = "Dapr.AspNetCore.IntegrationTest", "test\Dapr.AspNetCore.IntegrationTest\Dapr.AspNetCore.IntegrationTest.csproj", "{0CD1912D-5E27-4A2A-A998-164792E0D006}"
EndProject
Project("{9A19103F-16F7-4668-BE54-9A1E7A4F7556}") = "Dapr.AspNetCore.IntegrationTest.App", "test\Dapr.AspNetCore.IntegrationTest.App\Dapr.AspNetCore.IntegrationTest.App.csproj", "{342783B5-F75B-4752-A3E2-B8CB7D09C080}"
EndProject
Project("{2150E333-8FDC-42A3-9474-1A3956D46DE8}") = "Solution Items", "Solution Items", "{1BD1276E-D28A-45EA-89B1-6AD48471500D}"
	ProjectSection(SolutionItems) = preProject
		.editorconfig = .editorconfig
		README.md = README.md
	EndProjectSection
EndProject
Project("{9A19103F-16F7-4668-BE54-9A1E7A4F7556}") = "Dapr.Actors.AspNetCore.Test", "test\Dapr.Actors.AspNetCore.Test\Dapr.Actors.AspNetCore.Test.csproj", "{9C1D6ABA-5EDE-4FA0-A8A9-0AB98CB74737}"
EndProject
Project("{9A19103F-16F7-4668-BE54-9A1E7A4F7556}") = "Dapr.Actors.AspNetCore.IntegrationTest", "test\Dapr.Actors.AspNetCore.IntegrationTest\Dapr.Actors.AspNetCore.IntegrationTest.csproj", "{95BAF30B-8089-42CE-8530-6DFBCE1F6A07}"
EndProject
Project("{9A19103F-16F7-4668-BE54-9A1E7A4F7556}") = "Dapr.Actors.AspNetCore.IntegrationTest.App", "test\Dapr.Actors.AspNetCore.IntegrationTest.App\Dapr.Actors.AspNetCore.IntegrationTest.App.csproj", "{1BA7E772-8AA7-4D5A-800D-66B17F62421C}"
EndProject
Project("{9A19103F-16F7-4668-BE54-9A1E7A4F7556}") = "Dapr.Extensions.Configuration.Test", "test\Dapr.Extensions.Configuration.Test\Dapr.Extensions.Configuration.Test.csproj", "{78FC19B2-396C-4ED2-BFD9-6C5667C61666}"
EndProject
Project("{9A19103F-16F7-4668-BE54-9A1E7A4F7556}") = "Dapr.Extensions.Configuration", "src\Dapr.Extensions.Configuration\Dapr.Extensions.Configuration.csproj", "{B615B353-476C-43B9-A776-B193B0DBD256}"
EndProject
Project("{2150E333-8FDC-42A3-9474-1A3956D46DE8}") = "examples", "examples", "{D687DDC4-66C5-4667-9E3A-FD8B78ECAA78}"
EndProject
Project("{2150E333-8FDC-42A3-9474-1A3956D46DE8}") = "AspNetCore", "AspNetCore", "{A11DC259-D1DB-4686-AD28-A427D0BABA83}"
EndProject
Project("{9A19103F-16F7-4668-BE54-9A1E7A4F7556}") = "GrpcServiceSample", "examples\AspNetCore\GrpcServiceSample\GrpcServiceSample.csproj", "{2EC50C79-782D-4985-ABB1-AD07F35D1621}"
EndProject
Project("{9A19103F-16F7-4668-BE54-9A1E7A4F7556}") = "RoutingSample", "examples\AspNetCore\RoutingSample\RoutingSample.csproj", "{15A16323-2CCA-472E-BE79-07259DAD5F6F}"
EndProject
Project("{9A19103F-16F7-4668-BE54-9A1E7A4F7556}") = "SecretStoreConfigurationProviderSample", "examples\AspNetCore\SecretStoreConfigurationProviderSample\SecretStoreConfigurationProviderSample.csproj", "{5BACBA51-03FE-4CE1-B0F5-9E9C2A132FAB}"
EndProject
Project("{9A19103F-16F7-4668-BE54-9A1E7A4F7556}") = "ControllerSample", "examples\AspNetCore\ControllerSample\ControllerSample.csproj", "{3160CC92-1D6E-42CB-AE89-9401C8CEC5CB}"
EndProject
Project("{2150E333-8FDC-42A3-9474-1A3956D46DE8}") = "Actor", "Actor", "{02374BD0-BF0B-40F8-A04A-C4C4D61D4992}"
EndProject
Project("{9A19103F-16F7-4668-BE54-9A1E7A4F7556}") = "IDemoActor", "examples\Actor\IDemoActor\IDemoActor.csproj", "{7957E852-1291-4FAA-9034-FB66CE817FF1}"
EndProject
Project("{9A19103F-16F7-4668-BE54-9A1E7A4F7556}") = "DemoActor", "examples\Actor\DemoActor\DemoActor.csproj", "{626D74DD-4F37-4F74-87A3-5A6888684F5E}"
EndProject
Project("{9A19103F-16F7-4668-BE54-9A1E7A4F7556}") = "ActorClient", "examples\Actor\ActorClient\ActorClient.csproj", "{CC0A5C98-ACDE-4139-BA2F-2995A9B8E18C}"
EndProject
Project("{2150E333-8FDC-42A3-9474-1A3956D46DE8}") = "Client", "Client", "{A7F41094-8648-446B-AECD-DCC2CC871F73}"
EndProject
Project("{9A19103F-16F7-4668-BE54-9A1E7A4F7556}") = "StateManagement", "examples\Client\StateManagement\StateManagement.csproj", "{F70AC78E-8925-4770-832A-2FC67A620EB2}"
EndProject
Project("{9A19103F-16F7-4668-BE54-9A1E7A4F7556}") = "ServiceInvocation", "examples\Client\ServiceInvocation\ServiceInvocation.csproj", "{8B570E70-0E73-4042-A4B6-1CC3CC782A65}"
EndProject
Project("{9A19103F-16F7-4668-BE54-9A1E7A4F7556}") = "Dapr.E2E.Test", "test\Dapr.E2E.Test\Dapr.E2E.Test.csproj", "{4AA9E7B7-36BF-4AAE-BFA3-C9CE8740F4A0}"
EndProject
Project("{9A19103F-16F7-4668-BE54-9A1E7A4F7556}") = "Dapr.E2E.Test.App", "test\Dapr.E2E.Test.App\Dapr.E2E.Test.App.csproj", "{345FC3FB-D1E9-4AE8-9052-17D20AB01FA2}"
EndProject
Project("{9A19103F-16F7-4668-BE54-9A1E7A4F7556}") = "Dapr.E2E.Test.Actors", "test\Dapr.E2E.Test.Actors\Dapr.E2E.Test.Actors.csproj", "{2AED1542-A8ED-488D-B6D0-E16AB5D6EF6C}"
EndProject
Project("{9A19103F-16F7-4668-BE54-9A1E7A4F7556}") = "Dapr.E2E.Test.App.Grpc", "test\Dapr.E2E.Test.App.Grpc\Dapr.E2E.Test.App.Grpc.csproj", "{E8212911-344B-4638-ADC3-B215BCDCAFD1}"
EndProject
Project("{9A19103F-16F7-4668-BE54-9A1E7A4F7556}") = "ConfigurationApi", "examples\Client\ConfigurationApi\ConfigurationApi.csproj", "{F80F837E-D2FC-4FFC-B68F-3CF0EC015F66}"
EndProject
Project("{9A19103F-16F7-4668-BE54-9A1E7A4F7556}") = "Dapr.E2E.Test.App.ReentrantActors", "test\Dapr.E2E.Test.App.ReentrantActor\Dapr.E2E.Test.App.ReentrantActors.csproj", "{5BE7F505-7D77-4C3A-ABFD-54088774DAA7}"
EndProject
Project("{9A19103F-16F7-4668-BE54-9A1E7A4F7556}") = "DistributedLock", "examples\Client\DistributedLock\DistributedLock.csproj", "{35031EDB-C0DE-453A-8335-D2EBEA2FC640}"
EndProject
Project("{9A19103F-16F7-4668-BE54-9A1E7A4F7556}") = "Dapr.Workflow", "src\Dapr.Workflow\Dapr.Workflow.csproj", "{07578B6C-9B96-4B3D-BA2E-7800EFCA7F99}"
EndProject
Project("{2150E333-8FDC-42A3-9474-1A3956D46DE8}") = "Workflow", "Workflow", "{BF3ED6BF-ADF3-4D25-8E89-02FB8D945CA9}"
	ProjectSection(SolutionItems) = preProject
		examples\Workflow\README.md = examples\Workflow\README.md
	EndProjectSection
EndProject
Project("{9A19103F-16F7-4668-BE54-9A1E7A4F7556}") = "WorkflowConsoleApp", "examples\Workflow\WorkflowConsoleApp\WorkflowConsoleApp.csproj", "{5C61ABED-7623-4C28-A5C9-C5972A0F669C}"
EndProject
Project("{2150E333-8FDC-42A3-9474-1A3956D46DE8}") = "PublishSubscribe", "PublishSubscribe", "{0EF6EA64-D7C3-420D-9890-EAE8D54A57E6}"
EndProject
Project("{9A19103F-16F7-4668-BE54-9A1E7A4F7556}") = "PublishEventExample", "examples\Client\PublishSubscribe\PublishEventExample\PublishEventExample.csproj", "{4A175C27-EAFE-47E7-90F6-873B37863656}"
EndProject
Project("{9A19103F-16F7-4668-BE54-9A1E7A4F7556}") = "BulkPublishEventExample", "examples\Client\PublishSubscribe\BulkPublishEventExample\BulkPublishEventExample.csproj", "{DDC41278-FB60-403A-B969-2AEBD7C2D83C}"
EndProject
Project("{9A19103F-16F7-4668-BE54-9A1E7A4F7556}") = "WorkflowUnitTest", "examples\Workflow\WorkflowUnitTest\WorkflowUnitTest.csproj", "{8CA09061-2BEF-4506-A763-07062D2BD6AC}"
EndProject
Project("{2150E333-8FDC-42A3-9474-1A3956D46DE8}") = "GeneratedActor", "GeneratedActor", "{7592AFA4-426B-42F3-AE82-957C86814482}"
EndProject
Project("{9A19103F-16F7-4668-BE54-9A1E7A4F7556}") = "ActorClient", "examples\GeneratedActor\ActorClient\ActorClient.csproj", "{61C24126-F39D-4BEA-96DC-FC87BA730554}"
EndProject
Project("{9A19103F-16F7-4668-BE54-9A1E7A4F7556}") = "ActorCommon", "examples\GeneratedActor\ActorCommon\ActorCommon.csproj", "{CB903D21-4869-42EF-BDD6-5B1CFF674337}"
EndProject
Project("{9A19103F-16F7-4668-BE54-9A1E7A4F7556}") = "Dapr.Actors.Generators", "src\Dapr.Actors.Generators\Dapr.Actors.Generators.csproj", "{980B5FD8-0107-41F7-8FAD-E4E8BAE8A625}"
EndProject
Project("{9A19103F-16F7-4668-BE54-9A1E7A4F7556}") = "ActorService", "examples\GeneratedActor\ActorService\ActorService.csproj", "{7C06FE2D-6C62-48F5-A505-F0D715C554DE}"
EndProject
Project("{9A19103F-16F7-4668-BE54-9A1E7A4F7556}") = "Dapr.Actors.Generators.Test", "test\Dapr.Actors.Generators.Test\Dapr.Actors.Generators.Test.csproj", "{AF89083D-4715-42E6-93E9-38497D12A8A6}"
EndProject
Project("{9A19103F-16F7-4668-BE54-9A1E7A4F7556}") = "Dapr.E2E.Test.Actors.Generators", "test\Dapr.E2E.Test.Actors.Generators\Dapr.E2E.Test.Actors.Generators.csproj", "{B5CDB0DC-B26D-48F1-B934-FE5C1C991940}"
EndProject
Project("{9A19103F-16F7-4668-BE54-9A1E7A4F7556}") = "Cryptography", "examples\Client\Cryptography\Cryptography.csproj", "{C74FBA78-13E8-407F-A173-4555AEE41FF3}"
EndProject
Project("{FAE04EC0-301F-11D3-BF4B-00C04F79EFBC}") = "Dapr.Protos", "src\Dapr.Protos\Dapr.Protos.csproj", "{DFBABB04-50E9-42F6-B470-310E1B545638}"
EndProject
Project("{FAE04EC0-301F-11D3-BF4B-00C04F79EFBC}") = "Dapr.Common", "src\Dapr.Common\Dapr.Common.csproj", "{B445B19C-A925-4873-8CB7-8317898B6970}"
EndProject
Project("{FAE04EC0-301F-11D3-BF4B-00C04F79EFBC}") = "Dapr.Common.Test", "test\Dapr.Common.Test\Dapr.Common.Test.csproj", "{CDB47863-BEBD-4841-A807-46D868962521}"
EndProject
Project("{FAE04EC0-301F-11D3-BF4B-00C04F79EFBC}") = "Dapr.AI", "src\Dapr.AI\Dapr.AI.csproj", "{273F2527-1658-4CCF-8DC6-600E921188C5}"
EndProject
Project("{FAE04EC0-301F-11D3-BF4B-00C04F79EFBC}") = "Dapr.AI.Test", "test\Dapr.AI.Test\Dapr.AI.Test.csproj", "{2F3700EF-1CDA-4C15-AC88-360230000ECD}"
EndProject
Project("{2150E333-8FDC-42A3-9474-1A3956D46DE8}") = "AI", "AI", "{3046DBF4-C2FF-4F3A-9176-E1C01E0A90E5}"
EndProject
Project("{FAE04EC0-301F-11D3-BF4B-00C04F79EFBC}") = "ConversationalAI", "examples\AI\ConversationalAI\ConversationalAI.csproj", "{11011FF8-77EA-4B25-96C0-29D4D486EF1C}"
EndProject
Project("{FAE04EC0-301F-11D3-BF4B-00C04F79EFBC}") = "WorkflowExternalInteraction", "examples\Workflow\WorkflowExternalInteraction\WorkflowExternalInteraction.csproj", "{43CB06A9-7E88-4C5F-BFB8-947E072CBC9F}"
EndProject
Project("{FAE04EC0-301F-11D3-BF4B-00C04F79EFBC}") = "WorkflowMonitor", "examples\Workflow\WorkflowMonitor\WorkflowMonitor.csproj", "{7F73A3D8-FFC2-4E31-AA3D-A4840316A8C6}"
EndProject
Project("{FAE04EC0-301F-11D3-BF4B-00C04F79EFBC}") = "WorkflowTaskChaining", "examples\Workflow\WorkflowTaskChaining\WorkflowTaskChaining.csproj", "{945DD3B7-94E5-435E-B3CB-796C20A652C7}"
EndProject
Project("{FAE04EC0-301F-11D3-BF4B-00C04F79EFBC}") = "WorkflowSubworkflow", "examples\Workflow\WorkflowSubworkflow\WorkflowSubworkflow.csproj", "{FD3E9371-3134-4235-8E80-32226DFB4B1F}"
EndProject
Project("{FAE04EC0-301F-11D3-BF4B-00C04F79EFBC}") = "WorkflowFanOutFanIn", "examples\Workflow\WorkflowFanOutFanIn\WorkflowFanOutFanIn.csproj", "{D83B27F3-4401-42F5-843E-147566B4999A}"
EndProject
Project("{FAE04EC0-301F-11D3-BF4B-00C04F79EFBC}") = "WorkflowAsyncOperations", "examples\Workflow\WorkflowAsyncOperations\WorkflowAsyncOperations.csproj", "{00359961-0C50-4BB1-A794-8B06DE991639}"
EndProject
Project("{FAE04EC0-301F-11D3-BF4B-00C04F79EFBC}") = "Dapr.Messaging.Test", "test\Dapr.Messaging.Test\Dapr.Messaging.Test.csproj", "{4E04EB35-7FD2-4FDB-B09A-F75CE24053B9}"
EndProject
Project("{FAE04EC0-301F-11D3-BF4B-00C04F79EFBC}") = "Dapr.Messaging", "src\Dapr.Messaging\Dapr.Messaging.csproj", "{0EAE36A1-B578-4F13-A113-7A477ECA1BDA}"
EndProject
Project("{FAE04EC0-301F-11D3-BF4B-00C04F79EFBC}") = "StreamingSubscriptionExample", "examples\Client\PublishSubscribe\StreamingSubscriptionExample\StreamingSubscriptionExample.csproj", "{290D1278-F613-4DF3-9DF5-F37E38CDC363}"
EndProject
Project("{FAE04EC0-301F-11D3-BF4B-00C04F79EFBC}") = "Dapr.Jobs", "src\Dapr.Jobs\Dapr.Jobs.csproj", "{C8BB6A85-A7EA-40C0-893D-F36F317829B3}"
EndProject
Project("{FAE04EC0-301F-11D3-BF4B-00C04F79EFBC}") = "Dapr.Jobs.Test", "test\Dapr.Jobs.Test\Dapr.Jobs.Test.csproj", "{BF9828E9-5597-4D42-AA6E-6E6C12214204}"
EndProject
Project("{2150E333-8FDC-42A3-9474-1A3956D46DE8}") = "Jobs", "Jobs", "{D9697361-232F-465D-A136-4561E0E88488}"
EndProject
Project("{FAE04EC0-301F-11D3-BF4B-00C04F79EFBC}") = "JobsSample", "examples\Jobs\JobsSample\JobsSample.csproj", "{9CAF360E-5AD3-4C4F-89A0-327EEB70D673}"
EndProject
Project("{FAE04EC0-301F-11D3-BF4B-00C04F79EFBC}") = "Dapr.Workflow.Test", "test\Dapr.Workflow.Test\Dapr.Workflow.Test.csproj", "{E90114C6-86FC-43B8-AE5C-D9273CF21FE4}"
EndProject
Project("{FAE04EC0-301F-11D3-BF4B-00C04F79EFBC}") = "Dapr.Workflow.Analyzers", "src\Dapr.Workflow.Analyzers\Dapr.Workflow.Analyzers.csproj", "{55A7D436-CC8C-47E6-B43A-DFE32E0FE38C}"
EndProject
Project("{FAE04EC0-301F-11D3-BF4B-00C04F79EFBC}") = "Dapr.Workflow.Analyzers.Test", "test\Dapr.Workflow.Analyzers.Test\Dapr.Workflow.Analyzers.Test.csproj", "{CE0D5FEB-F6DB-4EB8-B8A9-6A4A32944539}"
EndProject
Project("{FAE04EC0-301F-11D3-BF4B-00C04F79EFBC}") = "Dapr.Pubsub.Analyzers", "src\Dapr.Pubsub.Analyzers\Dapr.Pubsub.Analyzers.csproj", "{984BBCC6-C827-430A-8796-C4EB55E7D979}"
EndProject
Project("{FAE04EC0-301F-11D3-BF4B-00C04F79EFBC}") = "Dapr.Pubsub.Analyzers.Test", "test\Dapr.Pubsub.Analyzers.Test\Dapr.Pubsub.Analyzers.Test.csproj", "{A716C2AB-1B38-4284-AC94-2C3D9B758534}"
EndProject
Global
	GlobalSection(SolutionConfigurationPlatforms) = preSolution
		Debug|Any CPU = Debug|Any CPU
		Release|Any CPU = Release|Any CPU
	EndGlobalSection
	GlobalSection(ProjectConfigurationPlatforms) = postSolution
		{C2DB4B64-B7C3-4FED-8753-C040F677C69A}.Debug|Any CPU.ActiveCfg = Debug|Any CPU
		{C2DB4B64-B7C3-4FED-8753-C040F677C69A}.Debug|Any CPU.Build.0 = Debug|Any CPU
		{C2DB4B64-B7C3-4FED-8753-C040F677C69A}.Release|Any CPU.ActiveCfg = Release|Any CPU
		{C2DB4B64-B7C3-4FED-8753-C040F677C69A}.Release|Any CPU.Build.0 = Release|Any CPU
		{41BF4392-54BD-4FE7-A3EB-CD045F88CA9A}.Debug|Any CPU.ActiveCfg = Debug|Any CPU
		{41BF4392-54BD-4FE7-A3EB-CD045F88CA9A}.Debug|Any CPU.Build.0 = Debug|Any CPU
		{41BF4392-54BD-4FE7-A3EB-CD045F88CA9A}.Release|Any CPU.ActiveCfg = Release|Any CPU
		{41BF4392-54BD-4FE7-A3EB-CD045F88CA9A}.Release|Any CPU.Build.0 = Release|Any CPU
		{B9C12532-0969-4DAC-A2F8-CA9208D7A901}.Debug|Any CPU.ActiveCfg = Debug|Any CPU
		{B9C12532-0969-4DAC-A2F8-CA9208D7A901}.Debug|Any CPU.Build.0 = Debug|Any CPU
		{B9C12532-0969-4DAC-A2F8-CA9208D7A901}.Release|Any CPU.ActiveCfg = Release|Any CPU
		{B9C12532-0969-4DAC-A2F8-CA9208D7A901}.Release|Any CPU.Build.0 = Release|Any CPU
		{62E41317-ED5D-4AA4-B129-C9E56C27354C}.Debug|Any CPU.ActiveCfg = Debug|Any CPU
		{62E41317-ED5D-4AA4-B129-C9E56C27354C}.Debug|Any CPU.Build.0 = Debug|Any CPU
		{62E41317-ED5D-4AA4-B129-C9E56C27354C}.Release|Any CPU.ActiveCfg = Release|Any CPU
		{62E41317-ED5D-4AA4-B129-C9E56C27354C}.Release|Any CPU.Build.0 = Release|Any CPU
		{08D602F6-7C11-4653-B70B-B56333BF6FD2}.Debug|Any CPU.ActiveCfg = Debug|Any CPU
		{08D602F6-7C11-4653-B70B-B56333BF6FD2}.Debug|Any CPU.Build.0 = Debug|Any CPU
		{08D602F6-7C11-4653-B70B-B56333BF6FD2}.Release|Any CPU.ActiveCfg = Release|Any CPU
		{08D602F6-7C11-4653-B70B-B56333BF6FD2}.Release|Any CPU.Build.0 = Release|Any CPU
		{383609C1-F43F-49EB-85E4-1964EE7F0F14}.Debug|Any CPU.ActiveCfg = Debug|Any CPU
		{383609C1-F43F-49EB-85E4-1964EE7F0F14}.Debug|Any CPU.Build.0 = Debug|Any CPU
		{383609C1-F43F-49EB-85E4-1964EE7F0F14}.Release|Any CPU.ActiveCfg = Release|Any CPU
		{383609C1-F43F-49EB-85E4-1964EE7F0F14}.Release|Any CPU.Build.0 = Release|Any CPU
		{B314AD5E-10AC-418A-B021-D4206BF37ACF}.Debug|Any CPU.ActiveCfg = Debug|Any CPU
		{B314AD5E-10AC-418A-B021-D4206BF37ACF}.Debug|Any CPU.Build.0 = Debug|Any CPU
		{B314AD5E-10AC-418A-B021-D4206BF37ACF}.Release|Any CPU.ActiveCfg = Release|Any CPU
		{B314AD5E-10AC-418A-B021-D4206BF37ACF}.Release|Any CPU.Build.0 = Release|Any CPU
		{0CD1912D-5E27-4A2A-A998-164792E0D006}.Debug|Any CPU.ActiveCfg = Debug|Any CPU
		{0CD1912D-5E27-4A2A-A998-164792E0D006}.Debug|Any CPU.Build.0 = Debug|Any CPU
		{0CD1912D-5E27-4A2A-A998-164792E0D006}.Release|Any CPU.ActiveCfg = Release|Any CPU
		{0CD1912D-5E27-4A2A-A998-164792E0D006}.Release|Any CPU.Build.0 = Release|Any CPU
		{342783B5-F75B-4752-A3E2-B8CB7D09C080}.Debug|Any CPU.ActiveCfg = Debug|Any CPU
		{342783B5-F75B-4752-A3E2-B8CB7D09C080}.Debug|Any CPU.Build.0 = Debug|Any CPU
		{342783B5-F75B-4752-A3E2-B8CB7D09C080}.Release|Any CPU.ActiveCfg = Release|Any CPU
		{342783B5-F75B-4752-A3E2-B8CB7D09C080}.Release|Any CPU.Build.0 = Release|Any CPU
		{9C1D6ABA-5EDE-4FA0-A8A9-0AB98CB74737}.Debug|Any CPU.ActiveCfg = Debug|Any CPU
		{9C1D6ABA-5EDE-4FA0-A8A9-0AB98CB74737}.Debug|Any CPU.Build.0 = Debug|Any CPU
		{9C1D6ABA-5EDE-4FA0-A8A9-0AB98CB74737}.Release|Any CPU.ActiveCfg = Release|Any CPU
		{9C1D6ABA-5EDE-4FA0-A8A9-0AB98CB74737}.Release|Any CPU.Build.0 = Release|Any CPU
		{95BAF30B-8089-42CE-8530-6DFBCE1F6A07}.Debug|Any CPU.ActiveCfg = Debug|Any CPU
		{95BAF30B-8089-42CE-8530-6DFBCE1F6A07}.Debug|Any CPU.Build.0 = Debug|Any CPU
		{95BAF30B-8089-42CE-8530-6DFBCE1F6A07}.Release|Any CPU.ActiveCfg = Release|Any CPU
		{95BAF30B-8089-42CE-8530-6DFBCE1F6A07}.Release|Any CPU.Build.0 = Release|Any CPU
		{1BA7E772-8AA7-4D5A-800D-66B17F62421C}.Debug|Any CPU.ActiveCfg = Debug|Any CPU
		{1BA7E772-8AA7-4D5A-800D-66B17F62421C}.Debug|Any CPU.Build.0 = Debug|Any CPU
		{1BA7E772-8AA7-4D5A-800D-66B17F62421C}.Release|Any CPU.ActiveCfg = Release|Any CPU
		{1BA7E772-8AA7-4D5A-800D-66B17F62421C}.Release|Any CPU.Build.0 = Release|Any CPU
		{78FC19B2-396C-4ED2-BFD9-6C5667C61666}.Debug|Any CPU.ActiveCfg = Debug|Any CPU
		{78FC19B2-396C-4ED2-BFD9-6C5667C61666}.Debug|Any CPU.Build.0 = Debug|Any CPU
		{78FC19B2-396C-4ED2-BFD9-6C5667C61666}.Release|Any CPU.ActiveCfg = Release|Any CPU
		{78FC19B2-396C-4ED2-BFD9-6C5667C61666}.Release|Any CPU.Build.0 = Release|Any CPU
		{B615B353-476C-43B9-A776-B193B0DBD256}.Debug|Any CPU.ActiveCfg = Debug|Any CPU
		{B615B353-476C-43B9-A776-B193B0DBD256}.Debug|Any CPU.Build.0 = Debug|Any CPU
		{B615B353-476C-43B9-A776-B193B0DBD256}.Release|Any CPU.ActiveCfg = Release|Any CPU
		{B615B353-476C-43B9-A776-B193B0DBD256}.Release|Any CPU.Build.0 = Release|Any CPU
		{2EC50C79-782D-4985-ABB1-AD07F35D1621}.Debug|Any CPU.ActiveCfg = Debug|Any CPU
		{2EC50C79-782D-4985-ABB1-AD07F35D1621}.Debug|Any CPU.Build.0 = Debug|Any CPU
		{2EC50C79-782D-4985-ABB1-AD07F35D1621}.Release|Any CPU.ActiveCfg = Release|Any CPU
		{2EC50C79-782D-4985-ABB1-AD07F35D1621}.Release|Any CPU.Build.0 = Release|Any CPU
		{15A16323-2CCA-472E-BE79-07259DAD5F6F}.Debug|Any CPU.ActiveCfg = Debug|Any CPU
		{15A16323-2CCA-472E-BE79-07259DAD5F6F}.Debug|Any CPU.Build.0 = Debug|Any CPU
		{15A16323-2CCA-472E-BE79-07259DAD5F6F}.Release|Any CPU.ActiveCfg = Release|Any CPU
		{15A16323-2CCA-472E-BE79-07259DAD5F6F}.Release|Any CPU.Build.0 = Release|Any CPU
		{5BACBA51-03FE-4CE1-B0F5-9E9C2A132FAB}.Debug|Any CPU.ActiveCfg = Debug|Any CPU
		{5BACBA51-03FE-4CE1-B0F5-9E9C2A132FAB}.Debug|Any CPU.Build.0 = Debug|Any CPU
		{5BACBA51-03FE-4CE1-B0F5-9E9C2A132FAB}.Release|Any CPU.ActiveCfg = Release|Any CPU
		{5BACBA51-03FE-4CE1-B0F5-9E9C2A132FAB}.Release|Any CPU.Build.0 = Release|Any CPU
		{3160CC92-1D6E-42CB-AE89-9401C8CEC5CB}.Debug|Any CPU.ActiveCfg = Debug|Any CPU
		{3160CC92-1D6E-42CB-AE89-9401C8CEC5CB}.Debug|Any CPU.Build.0 = Debug|Any CPU
		{3160CC92-1D6E-42CB-AE89-9401C8CEC5CB}.Release|Any CPU.ActiveCfg = Release|Any CPU
		{3160CC92-1D6E-42CB-AE89-9401C8CEC5CB}.Release|Any CPU.Build.0 = Release|Any CPU
		{7957E852-1291-4FAA-9034-FB66CE817FF1}.Debug|Any CPU.ActiveCfg = Debug|Any CPU
		{7957E852-1291-4FAA-9034-FB66CE817FF1}.Debug|Any CPU.Build.0 = Debug|Any CPU
		{7957E852-1291-4FAA-9034-FB66CE817FF1}.Release|Any CPU.ActiveCfg = Release|Any CPU
		{7957E852-1291-4FAA-9034-FB66CE817FF1}.Release|Any CPU.Build.0 = Release|Any CPU
		{626D74DD-4F37-4F74-87A3-5A6888684F5E}.Debug|Any CPU.ActiveCfg = Debug|Any CPU
		{626D74DD-4F37-4F74-87A3-5A6888684F5E}.Debug|Any CPU.Build.0 = Debug|Any CPU
		{626D74DD-4F37-4F74-87A3-5A6888684F5E}.Release|Any CPU.ActiveCfg = Release|Any CPU
		{626D74DD-4F37-4F74-87A3-5A6888684F5E}.Release|Any CPU.Build.0 = Release|Any CPU
		{CC0A5C98-ACDE-4139-BA2F-2995A9B8E18C}.Debug|Any CPU.ActiveCfg = Debug|Any CPU
		{CC0A5C98-ACDE-4139-BA2F-2995A9B8E18C}.Debug|Any CPU.Build.0 = Debug|Any CPU
		{CC0A5C98-ACDE-4139-BA2F-2995A9B8E18C}.Release|Any CPU.ActiveCfg = Release|Any CPU
		{CC0A5C98-ACDE-4139-BA2F-2995A9B8E18C}.Release|Any CPU.Build.0 = Release|Any CPU
		{F70AC78E-8925-4770-832A-2FC67A620EB2}.Debug|Any CPU.ActiveCfg = Debug|Any CPU
		{F70AC78E-8925-4770-832A-2FC67A620EB2}.Debug|Any CPU.Build.0 = Debug|Any CPU
		{F70AC78E-8925-4770-832A-2FC67A620EB2}.Release|Any CPU.ActiveCfg = Release|Any CPU
		{F70AC78E-8925-4770-832A-2FC67A620EB2}.Release|Any CPU.Build.0 = Release|Any CPU
		{8B570E70-0E73-4042-A4B6-1CC3CC782A65}.Debug|Any CPU.ActiveCfg = Debug|Any CPU
		{8B570E70-0E73-4042-A4B6-1CC3CC782A65}.Debug|Any CPU.Build.0 = Debug|Any CPU
		{8B570E70-0E73-4042-A4B6-1CC3CC782A65}.Release|Any CPU.ActiveCfg = Release|Any CPU
		{8B570E70-0E73-4042-A4B6-1CC3CC782A65}.Release|Any CPU.Build.0 = Release|Any CPU
		{4AA9E7B7-36BF-4AAE-BFA3-C9CE8740F4A0}.Debug|Any CPU.ActiveCfg = Debug|Any CPU
		{4AA9E7B7-36BF-4AAE-BFA3-C9CE8740F4A0}.Debug|Any CPU.Build.0 = Debug|Any CPU
		{4AA9E7B7-36BF-4AAE-BFA3-C9CE8740F4A0}.Release|Any CPU.ActiveCfg = Release|Any CPU
		{4AA9E7B7-36BF-4AAE-BFA3-C9CE8740F4A0}.Release|Any CPU.Build.0 = Release|Any CPU
		{345FC3FB-D1E9-4AE8-9052-17D20AB01FA2}.Debug|Any CPU.ActiveCfg = Debug|Any CPU
		{345FC3FB-D1E9-4AE8-9052-17D20AB01FA2}.Debug|Any CPU.Build.0 = Debug|Any CPU
		{345FC3FB-D1E9-4AE8-9052-17D20AB01FA2}.Release|Any CPU.ActiveCfg = Release|Any CPU
		{345FC3FB-D1E9-4AE8-9052-17D20AB01FA2}.Release|Any CPU.Build.0 = Release|Any CPU
		{2AED1542-A8ED-488D-B6D0-E16AB5D6EF6C}.Debug|Any CPU.ActiveCfg = Debug|Any CPU
		{2AED1542-A8ED-488D-B6D0-E16AB5D6EF6C}.Debug|Any CPU.Build.0 = Debug|Any CPU
		{2AED1542-A8ED-488D-B6D0-E16AB5D6EF6C}.Release|Any CPU.ActiveCfg = Release|Any CPU
		{2AED1542-A8ED-488D-B6D0-E16AB5D6EF6C}.Release|Any CPU.Build.0 = Release|Any CPU
		{E8212911-344B-4638-ADC3-B215BCDCAFD1}.Debug|Any CPU.ActiveCfg = Debug|Any CPU
		{E8212911-344B-4638-ADC3-B215BCDCAFD1}.Debug|Any CPU.Build.0 = Debug|Any CPU
		{E8212911-344B-4638-ADC3-B215BCDCAFD1}.Release|Any CPU.ActiveCfg = Release|Any CPU
		{E8212911-344B-4638-ADC3-B215BCDCAFD1}.Release|Any CPU.Build.0 = Release|Any CPU
		{F80F837E-D2FC-4FFC-B68F-3CF0EC015F66}.Debug|Any CPU.ActiveCfg = Debug|Any CPU
		{F80F837E-D2FC-4FFC-B68F-3CF0EC015F66}.Debug|Any CPU.Build.0 = Debug|Any CPU
		{F80F837E-D2FC-4FFC-B68F-3CF0EC015F66}.Release|Any CPU.ActiveCfg = Release|Any CPU
		{F80F837E-D2FC-4FFC-B68F-3CF0EC015F66}.Release|Any CPU.Build.0 = Release|Any CPU
		{5BE7F505-7D77-4C3A-ABFD-54088774DAA7}.Debug|Any CPU.ActiveCfg = Debug|Any CPU
		{5BE7F505-7D77-4C3A-ABFD-54088774DAA7}.Debug|Any CPU.Build.0 = Debug|Any CPU
		{5BE7F505-7D77-4C3A-ABFD-54088774DAA7}.Release|Any CPU.ActiveCfg = Release|Any CPU
		{5BE7F505-7D77-4C3A-ABFD-54088774DAA7}.Release|Any CPU.Build.0 = Release|Any CPU
		{35031EDB-C0DE-453A-8335-D2EBEA2FC640}.Debug|Any CPU.ActiveCfg = Debug|Any CPU
		{35031EDB-C0DE-453A-8335-D2EBEA2FC640}.Debug|Any CPU.Build.0 = Debug|Any CPU
		{35031EDB-C0DE-453A-8335-D2EBEA2FC640}.Release|Any CPU.ActiveCfg = Release|Any CPU
		{35031EDB-C0DE-453A-8335-D2EBEA2FC640}.Release|Any CPU.Build.0 = Release|Any CPU
		{07578B6C-9B96-4B3D-BA2E-7800EFCA7F99}.Debug|Any CPU.ActiveCfg = Debug|Any CPU
		{07578B6C-9B96-4B3D-BA2E-7800EFCA7F99}.Debug|Any CPU.Build.0 = Debug|Any CPU
		{07578B6C-9B96-4B3D-BA2E-7800EFCA7F99}.Release|Any CPU.ActiveCfg = Release|Any CPU
		{07578B6C-9B96-4B3D-BA2E-7800EFCA7F99}.Release|Any CPU.Build.0 = Release|Any CPU
		{5C61ABED-7623-4C28-A5C9-C5972A0F669C}.Debug|Any CPU.ActiveCfg = Debug|Any CPU
		{5C61ABED-7623-4C28-A5C9-C5972A0F669C}.Debug|Any CPU.Build.0 = Debug|Any CPU
		{5C61ABED-7623-4C28-A5C9-C5972A0F669C}.Release|Any CPU.ActiveCfg = Release|Any CPU
		{5C61ABED-7623-4C28-A5C9-C5972A0F669C}.Release|Any CPU.Build.0 = Release|Any CPU
		{4A175C27-EAFE-47E7-90F6-873B37863656}.Debug|Any CPU.ActiveCfg = Debug|Any CPU
		{4A175C27-EAFE-47E7-90F6-873B37863656}.Debug|Any CPU.Build.0 = Debug|Any CPU
		{4A175C27-EAFE-47E7-90F6-873B37863656}.Release|Any CPU.ActiveCfg = Release|Any CPU
		{4A175C27-EAFE-47E7-90F6-873B37863656}.Release|Any CPU.Build.0 = Release|Any CPU
		{DDC41278-FB60-403A-B969-2AEBD7C2D83C}.Debug|Any CPU.ActiveCfg = Debug|Any CPU
		{DDC41278-FB60-403A-B969-2AEBD7C2D83C}.Debug|Any CPU.Build.0 = Debug|Any CPU
		{DDC41278-FB60-403A-B969-2AEBD7C2D83C}.Release|Any CPU.ActiveCfg = Release|Any CPU
		{DDC41278-FB60-403A-B969-2AEBD7C2D83C}.Release|Any CPU.Build.0 = Release|Any CPU
		{8CA09061-2BEF-4506-A763-07062D2BD6AC}.Debug|Any CPU.ActiveCfg = Debug|Any CPU
		{8CA09061-2BEF-4506-A763-07062D2BD6AC}.Release|Any CPU.ActiveCfg = Release|Any CPU
		{61C24126-F39D-4BEA-96DC-FC87BA730554}.Debug|Any CPU.ActiveCfg = Debug|Any CPU
		{61C24126-F39D-4BEA-96DC-FC87BA730554}.Debug|Any CPU.Build.0 = Debug|Any CPU
		{61C24126-F39D-4BEA-96DC-FC87BA730554}.Release|Any CPU.ActiveCfg = Release|Any CPU
		{61C24126-F39D-4BEA-96DC-FC87BA730554}.Release|Any CPU.Build.0 = Release|Any CPU
		{CB903D21-4869-42EF-BDD6-5B1CFF674337}.Debug|Any CPU.ActiveCfg = Debug|Any CPU
		{CB903D21-4869-42EF-BDD6-5B1CFF674337}.Debug|Any CPU.Build.0 = Debug|Any CPU
		{CB903D21-4869-42EF-BDD6-5B1CFF674337}.Release|Any CPU.ActiveCfg = Release|Any CPU
		{CB903D21-4869-42EF-BDD6-5B1CFF674337}.Release|Any CPU.Build.0 = Release|Any CPU
		{980B5FD8-0107-41F7-8FAD-E4E8BAE8A625}.Debug|Any CPU.ActiveCfg = Debug|Any CPU
		{980B5FD8-0107-41F7-8FAD-E4E8BAE8A625}.Debug|Any CPU.Build.0 = Debug|Any CPU
		{980B5FD8-0107-41F7-8FAD-E4E8BAE8A625}.Release|Any CPU.ActiveCfg = Release|Any CPU
		{980B5FD8-0107-41F7-8FAD-E4E8BAE8A625}.Release|Any CPU.Build.0 = Release|Any CPU
		{7C06FE2D-6C62-48F5-A505-F0D715C554DE}.Debug|Any CPU.ActiveCfg = Debug|Any CPU
		{7C06FE2D-6C62-48F5-A505-F0D715C554DE}.Debug|Any CPU.Build.0 = Debug|Any CPU
		{7C06FE2D-6C62-48F5-A505-F0D715C554DE}.Release|Any CPU.ActiveCfg = Release|Any CPU
		{7C06FE2D-6C62-48F5-A505-F0D715C554DE}.Release|Any CPU.Build.0 = Release|Any CPU
		{AF89083D-4715-42E6-93E9-38497D12A8A6}.Debug|Any CPU.ActiveCfg = Debug|Any CPU
		{AF89083D-4715-42E6-93E9-38497D12A8A6}.Debug|Any CPU.Build.0 = Debug|Any CPU
		{AF89083D-4715-42E6-93E9-38497D12A8A6}.Release|Any CPU.ActiveCfg = Release|Any CPU
		{AF89083D-4715-42E6-93E9-38497D12A8A6}.Release|Any CPU.Build.0 = Release|Any CPU
		{B5CDB0DC-B26D-48F1-B934-FE5C1C991940}.Debug|Any CPU.ActiveCfg = Debug|Any CPU
		{B5CDB0DC-B26D-48F1-B934-FE5C1C991940}.Debug|Any CPU.Build.0 = Debug|Any CPU
		{B5CDB0DC-B26D-48F1-B934-FE5C1C991940}.Release|Any CPU.ActiveCfg = Release|Any CPU
		{B5CDB0DC-B26D-48F1-B934-FE5C1C991940}.Release|Any CPU.Build.0 = Release|Any CPU
		{C74FBA78-13E8-407F-A173-4555AEE41FF3}.Debug|Any CPU.ActiveCfg = Debug|Any CPU
		{C74FBA78-13E8-407F-A173-4555AEE41FF3}.Debug|Any CPU.Build.0 = Debug|Any CPU
		{C74FBA78-13E8-407F-A173-4555AEE41FF3}.Release|Any CPU.ActiveCfg = Release|Any CPU
		{C74FBA78-13E8-407F-A173-4555AEE41FF3}.Release|Any CPU.Build.0 = Release|Any CPU
		{DFBABB04-50E9-42F6-B470-310E1B545638}.Debug|Any CPU.ActiveCfg = Debug|Any CPU
		{DFBABB04-50E9-42F6-B470-310E1B545638}.Debug|Any CPU.Build.0 = Debug|Any CPU
		{DFBABB04-50E9-42F6-B470-310E1B545638}.Release|Any CPU.ActiveCfg = Release|Any CPU
		{DFBABB04-50E9-42F6-B470-310E1B545638}.Release|Any CPU.Build.0 = Release|Any CPU
		{B445B19C-A925-4873-8CB7-8317898B6970}.Debug|Any CPU.ActiveCfg = Debug|Any CPU
		{B445B19C-A925-4873-8CB7-8317898B6970}.Debug|Any CPU.Build.0 = Debug|Any CPU
		{B445B19C-A925-4873-8CB7-8317898B6970}.Release|Any CPU.ActiveCfg = Release|Any CPU
		{B445B19C-A925-4873-8CB7-8317898B6970}.Release|Any CPU.Build.0 = Release|Any CPU
		{CDB47863-BEBD-4841-A807-46D868962521}.Debug|Any CPU.ActiveCfg = Debug|Any CPU
		{CDB47863-BEBD-4841-A807-46D868962521}.Debug|Any CPU.Build.0 = Debug|Any CPU
		{CDB47863-BEBD-4841-A807-46D868962521}.Release|Any CPU.ActiveCfg = Release|Any CPU
		{CDB47863-BEBD-4841-A807-46D868962521}.Release|Any CPU.Build.0 = Release|Any CPU
		{273F2527-1658-4CCF-8DC6-600E921188C5}.Debug|Any CPU.ActiveCfg = Debug|Any CPU
		{273F2527-1658-4CCF-8DC6-600E921188C5}.Debug|Any CPU.Build.0 = Debug|Any CPU
		{273F2527-1658-4CCF-8DC6-600E921188C5}.Release|Any CPU.ActiveCfg = Release|Any CPU
		{273F2527-1658-4CCF-8DC6-600E921188C5}.Release|Any CPU.Build.0 = Release|Any CPU
		{2F3700EF-1CDA-4C15-AC88-360230000ECD}.Debug|Any CPU.ActiveCfg = Debug|Any CPU
		{2F3700EF-1CDA-4C15-AC88-360230000ECD}.Debug|Any CPU.Build.0 = Debug|Any CPU
		{2F3700EF-1CDA-4C15-AC88-360230000ECD}.Release|Any CPU.ActiveCfg = Release|Any CPU
		{2F3700EF-1CDA-4C15-AC88-360230000ECD}.Release|Any CPU.Build.0 = Release|Any CPU
		{11011FF8-77EA-4B25-96C0-29D4D486EF1C}.Debug|Any CPU.ActiveCfg = Debug|Any CPU
		{11011FF8-77EA-4B25-96C0-29D4D486EF1C}.Debug|Any CPU.Build.0 = Debug|Any CPU
		{11011FF8-77EA-4B25-96C0-29D4D486EF1C}.Release|Any CPU.ActiveCfg = Release|Any CPU
		{11011FF8-77EA-4B25-96C0-29D4D486EF1C}.Release|Any CPU.Build.0 = Release|Any CPU
		{43CB06A9-7E88-4C5F-BFB8-947E072CBC9F}.Debug|Any CPU.ActiveCfg = Debug|Any CPU
		{43CB06A9-7E88-4C5F-BFB8-947E072CBC9F}.Debug|Any CPU.Build.0 = Debug|Any CPU
		{43CB06A9-7E88-4C5F-BFB8-947E072CBC9F}.Release|Any CPU.ActiveCfg = Release|Any CPU
		{43CB06A9-7E88-4C5F-BFB8-947E072CBC9F}.Release|Any CPU.Build.0 = Release|Any CPU
		{7F73A3D8-FFC2-4E31-AA3D-A4840316A8C6}.Debug|Any CPU.ActiveCfg = Debug|Any CPU
		{7F73A3D8-FFC2-4E31-AA3D-A4840316A8C6}.Debug|Any CPU.Build.0 = Debug|Any CPU
		{7F73A3D8-FFC2-4E31-AA3D-A4840316A8C6}.Release|Any CPU.ActiveCfg = Release|Any CPU
		{7F73A3D8-FFC2-4E31-AA3D-A4840316A8C6}.Release|Any CPU.Build.0 = Release|Any CPU
		{945DD3B7-94E5-435E-B3CB-796C20A652C7}.Debug|Any CPU.ActiveCfg = Debug|Any CPU
		{945DD3B7-94E5-435E-B3CB-796C20A652C7}.Debug|Any CPU.Build.0 = Debug|Any CPU
		{945DD3B7-94E5-435E-B3CB-796C20A652C7}.Release|Any CPU.ActiveCfg = Release|Any CPU
		{945DD3B7-94E5-435E-B3CB-796C20A652C7}.Release|Any CPU.Build.0 = Release|Any CPU
		{FD3E9371-3134-4235-8E80-32226DFB4B1F}.Debug|Any CPU.ActiveCfg = Debug|Any CPU
		{FD3E9371-3134-4235-8E80-32226DFB4B1F}.Debug|Any CPU.Build.0 = Debug|Any CPU
		{FD3E9371-3134-4235-8E80-32226DFB4B1F}.Release|Any CPU.ActiveCfg = Release|Any CPU
		{FD3E9371-3134-4235-8E80-32226DFB4B1F}.Release|Any CPU.Build.0 = Release|Any CPU
		{D83B27F3-4401-42F5-843E-147566B4999A}.Debug|Any CPU.ActiveCfg = Debug|Any CPU
		{D83B27F3-4401-42F5-843E-147566B4999A}.Debug|Any CPU.Build.0 = Debug|Any CPU
		{D83B27F3-4401-42F5-843E-147566B4999A}.Release|Any CPU.ActiveCfg = Release|Any CPU
		{D83B27F3-4401-42F5-843E-147566B4999A}.Release|Any CPU.Build.0 = Release|Any CPU
		{00359961-0C50-4BB1-A794-8B06DE991639}.Debug|Any CPU.ActiveCfg = Debug|Any CPU
		{00359961-0C50-4BB1-A794-8B06DE991639}.Debug|Any CPU.Build.0 = Debug|Any CPU
		{00359961-0C50-4BB1-A794-8B06DE991639}.Release|Any CPU.ActiveCfg = Release|Any CPU
		{00359961-0C50-4BB1-A794-8B06DE991639}.Release|Any CPU.Build.0 = Release|Any CPU
		{4E04EB35-7FD2-4FDB-B09A-F75CE24053B9}.Debug|Any CPU.ActiveCfg = Debug|Any CPU
		{4E04EB35-7FD2-4FDB-B09A-F75CE24053B9}.Debug|Any CPU.Build.0 = Debug|Any CPU
		{4E04EB35-7FD2-4FDB-B09A-F75CE24053B9}.Release|Any CPU.ActiveCfg = Release|Any CPU
		{4E04EB35-7FD2-4FDB-B09A-F75CE24053B9}.Release|Any CPU.Build.0 = Release|Any CPU
		{0EAE36A1-B578-4F13-A113-7A477ECA1BDA}.Debug|Any CPU.ActiveCfg = Debug|Any CPU
		{0EAE36A1-B578-4F13-A113-7A477ECA1BDA}.Debug|Any CPU.Build.0 = Debug|Any CPU
		{0EAE36A1-B578-4F13-A113-7A477ECA1BDA}.Release|Any CPU.ActiveCfg = Release|Any CPU
		{0EAE36A1-B578-4F13-A113-7A477ECA1BDA}.Release|Any CPU.Build.0 = Release|Any CPU
		{290D1278-F613-4DF3-9DF5-F37E38CDC363}.Debug|Any CPU.ActiveCfg = Debug|Any CPU
		{290D1278-F613-4DF3-9DF5-F37E38CDC363}.Debug|Any CPU.Build.0 = Debug|Any CPU
		{290D1278-F613-4DF3-9DF5-F37E38CDC363}.Release|Any CPU.ActiveCfg = Release|Any CPU
		{290D1278-F613-4DF3-9DF5-F37E38CDC363}.Release|Any CPU.Build.0 = Release|Any CPU
		{C8BB6A85-A7EA-40C0-893D-F36F317829B3}.Debug|Any CPU.ActiveCfg = Debug|Any CPU
		{C8BB6A85-A7EA-40C0-893D-F36F317829B3}.Debug|Any CPU.Build.0 = Debug|Any CPU
		{C8BB6A85-A7EA-40C0-893D-F36F317829B3}.Release|Any CPU.ActiveCfg = Release|Any CPU
		{C8BB6A85-A7EA-40C0-893D-F36F317829B3}.Release|Any CPU.Build.0 = Release|Any CPU
		{BF9828E9-5597-4D42-AA6E-6E6C12214204}.Debug|Any CPU.ActiveCfg = Debug|Any CPU
		{BF9828E9-5597-4D42-AA6E-6E6C12214204}.Debug|Any CPU.Build.0 = Debug|Any CPU
		{BF9828E9-5597-4D42-AA6E-6E6C12214204}.Release|Any CPU.ActiveCfg = Release|Any CPU
		{BF9828E9-5597-4D42-AA6E-6E6C12214204}.Release|Any CPU.Build.0 = Release|Any CPU
		{9CAF360E-5AD3-4C4F-89A0-327EEB70D673}.Debug|Any CPU.ActiveCfg = Debug|Any CPU
		{9CAF360E-5AD3-4C4F-89A0-327EEB70D673}.Debug|Any CPU.Build.0 = Debug|Any CPU
		{9CAF360E-5AD3-4C4F-89A0-327EEB70D673}.Release|Any CPU.ActiveCfg = Release|Any CPU
		{9CAF360E-5AD3-4C4F-89A0-327EEB70D673}.Release|Any CPU.Build.0 = Release|Any CPU
		{E90114C6-86FC-43B8-AE5C-D9273CF21FE4}.Debug|Any CPU.ActiveCfg = Debug|Any CPU
		{E90114C6-86FC-43B8-AE5C-D9273CF21FE4}.Debug|Any CPU.Build.0 = Debug|Any CPU
		{E90114C6-86FC-43B8-AE5C-D9273CF21FE4}.Release|Any CPU.ActiveCfg = Release|Any CPU
		{E90114C6-86FC-43B8-AE5C-D9273CF21FE4}.Release|Any CPU.Build.0 = Release|Any CPU
		{55A7D436-CC8C-47E6-B43A-DFE32E0FE38C}.Debug|Any CPU.ActiveCfg = Debug|Any CPU
		{55A7D436-CC8C-47E6-B43A-DFE32E0FE38C}.Debug|Any CPU.Build.0 = Debug|Any CPU
		{55A7D436-CC8C-47E6-B43A-DFE32E0FE38C}.Release|Any CPU.ActiveCfg = Release|Any CPU
		{55A7D436-CC8C-47E6-B43A-DFE32E0FE38C}.Release|Any CPU.Build.0 = Release|Any CPU
		{CE0D5FEB-F6DB-4EB8-B8A9-6A4A32944539}.Debug|Any CPU.ActiveCfg = Debug|Any CPU
		{CE0D5FEB-F6DB-4EB8-B8A9-6A4A32944539}.Debug|Any CPU.Build.0 = Debug|Any CPU
		{CE0D5FEB-F6DB-4EB8-B8A9-6A4A32944539}.Release|Any CPU.ActiveCfg = Release|Any CPU
		{CE0D5FEB-F6DB-4EB8-B8A9-6A4A32944539}.Release|Any CPU.Build.0 = Release|Any CPU
		{984BBCC6-C827-430A-8796-C4EB55E7D979}.Debug|Any CPU.ActiveCfg = Debug|Any CPU
		{984BBCC6-C827-430A-8796-C4EB55E7D979}.Debug|Any CPU.Build.0 = Debug|Any CPU
		{984BBCC6-C827-430A-8796-C4EB55E7D979}.Release|Any CPU.ActiveCfg = Release|Any CPU
		{984BBCC6-C827-430A-8796-C4EB55E7D979}.Release|Any CPU.Build.0 = Release|Any CPU
		{A716C2AB-1B38-4284-AC94-2C3D9B758534}.Debug|Any CPU.ActiveCfg = Debug|Any CPU
		{A716C2AB-1B38-4284-AC94-2C3D9B758534}.Debug|Any CPU.Build.0 = Debug|Any CPU
		{A716C2AB-1B38-4284-AC94-2C3D9B758534}.Release|Any CPU.ActiveCfg = Release|Any CPU
		{A716C2AB-1B38-4284-AC94-2C3D9B758534}.Release|Any CPU.Build.0 = Release|Any CPU
	EndGlobalSection
	GlobalSection(SolutionProperties) = preSolution
		HideSolutionNode = FALSE
	EndGlobalSection
	GlobalSection(NestedProjects) = preSolution
		{C2DB4B64-B7C3-4FED-8753-C040F677C69A} = {27C5D71D-0721-4221-9286-B94AB07B58CF}
		{41BF4392-54BD-4FE7-A3EB-CD045F88CA9A} = {DD020B34-460F-455F-8D17-CF4A949F100B}
		{B9C12532-0969-4DAC-A2F8-CA9208D7A901} = {27C5D71D-0721-4221-9286-B94AB07B58CF}
		{62E41317-ED5D-4AA4-B129-C9E56C27354C} = {27C5D71D-0721-4221-9286-B94AB07B58CF}
		{08D602F6-7C11-4653-B70B-B56333BF6FD2} = {27C5D71D-0721-4221-9286-B94AB07B58CF}
		{383609C1-F43F-49EB-85E4-1964EE7F0F14} = {DD020B34-460F-455F-8D17-CF4A949F100B}
		{B314AD5E-10AC-418A-B021-D4206BF37ACF} = {DD020B34-460F-455F-8D17-CF4A949F100B}
		{0CD1912D-5E27-4A2A-A998-164792E0D006} = {DD020B34-460F-455F-8D17-CF4A949F100B}
		{342783B5-F75B-4752-A3E2-B8CB7D09C080} = {DD020B34-460F-455F-8D17-CF4A949F100B}
		{9C1D6ABA-5EDE-4FA0-A8A9-0AB98CB74737} = {DD020B34-460F-455F-8D17-CF4A949F100B}
		{95BAF30B-8089-42CE-8530-6DFBCE1F6A07} = {DD020B34-460F-455F-8D17-CF4A949F100B}
		{1BA7E772-8AA7-4D5A-800D-66B17F62421C} = {DD020B34-460F-455F-8D17-CF4A949F100B}
		{78FC19B2-396C-4ED2-BFD9-6C5667C61666} = {DD020B34-460F-455F-8D17-CF4A949F100B}
		{B615B353-476C-43B9-A776-B193B0DBD256} = {27C5D71D-0721-4221-9286-B94AB07B58CF}
		{A11DC259-D1DB-4686-AD28-A427D0BABA83} = {D687DDC4-66C5-4667-9E3A-FD8B78ECAA78}
		{2EC50C79-782D-4985-ABB1-AD07F35D1621} = {D687DDC4-66C5-4667-9E3A-FD8B78ECAA78}
		{15A16323-2CCA-472E-BE79-07259DAD5F6F} = {A11DC259-D1DB-4686-AD28-A427D0BABA83}
		{5BACBA51-03FE-4CE1-B0F5-9E9C2A132FAB} = {A11DC259-D1DB-4686-AD28-A427D0BABA83}
		{3160CC92-1D6E-42CB-AE89-9401C8CEC5CB} = {A11DC259-D1DB-4686-AD28-A427D0BABA83}
		{02374BD0-BF0B-40F8-A04A-C4C4D61D4992} = {D687DDC4-66C5-4667-9E3A-FD8B78ECAA78}
		{7957E852-1291-4FAA-9034-FB66CE817FF1} = {A11DC259-D1DB-4686-AD28-A427D0BABA83}
		{626D74DD-4F37-4F74-87A3-5A6888684F5E} = {D687DDC4-66C5-4667-9E3A-FD8B78ECAA78}
		{CC0A5C98-ACDE-4139-BA2F-2995A9B8E18C} = {02374BD0-BF0B-40F8-A04A-C4C4D61D4992}
		{A7F41094-8648-446B-AECD-DCC2CC871F73} = {D687DDC4-66C5-4667-9E3A-FD8B78ECAA78}
		{F70AC78E-8925-4770-832A-2FC67A620EB2} = {02374BD0-BF0B-40F8-A04A-C4C4D61D4992}
		{8B570E70-0E73-4042-A4B6-1CC3CC782A65} = {02374BD0-BF0B-40F8-A04A-C4C4D61D4992}
		{4AA9E7B7-36BF-4AAE-BFA3-C9CE8740F4A0} = {D687DDC4-66C5-4667-9E3A-FD8B78ECAA78}
		{345FC3FB-D1E9-4AE8-9052-17D20AB01FA2} = {A7F41094-8648-446B-AECD-DCC2CC871F73}
		{2AED1542-A8ED-488D-B6D0-E16AB5D6EF6C} = {A7F41094-8648-446B-AECD-DCC2CC871F73}
		{E8212911-344B-4638-ADC3-B215BCDCAFD1} = {DD020B34-460F-455F-8D17-CF4A949F100B}
		{F80F837E-D2FC-4FFC-B68F-3CF0EC015F66} = {DD020B34-460F-455F-8D17-CF4A949F100B}
		{5BE7F505-7D77-4C3A-ABFD-54088774DAA7} = {DD020B34-460F-455F-8D17-CF4A949F100B}
		{35031EDB-C0DE-453A-8335-D2EBEA2FC640} = {DD020B34-460F-455F-8D17-CF4A949F100B}
		{07578B6C-9B96-4B3D-BA2E-7800EFCA7F99} = {27C5D71D-0721-4221-9286-B94AB07B58CF}
		{BF3ED6BF-ADF3-4D25-8E89-02FB8D945CA9} = {D687DDC4-66C5-4667-9E3A-FD8B78ECAA78}
		{5C61ABED-7623-4C28-A5C9-C5972A0F669C} = {A7F41094-8648-446B-AECD-DCC2CC871F73}
		{0EF6EA64-D7C3-420D-9890-EAE8D54A57E6} = {A7F41094-8648-446B-AECD-DCC2CC871F73}
		{4A175C27-EAFE-47E7-90F6-873B37863656} = {DD020B34-460F-455F-8D17-CF4A949F100B}
		{DDC41278-FB60-403A-B969-2AEBD7C2D83C} = {A7F41094-8648-446B-AECD-DCC2CC871F73}
		{8CA09061-2BEF-4506-A763-07062D2BD6AC} = {D687DDC4-66C5-4667-9E3A-FD8B78ECAA78}
		{7592AFA4-426B-42F3-AE82-957C86814482} = {D687DDC4-66C5-4667-9E3A-FD8B78ECAA78}
		{61C24126-F39D-4BEA-96DC-FC87BA730554} = {BF3ED6BF-ADF3-4D25-8E89-02FB8D945CA9}
		{CB903D21-4869-42EF-BDD6-5B1CFF674337} = {A7F41094-8648-446B-AECD-DCC2CC871F73}
		{980B5FD8-0107-41F7-8FAD-E4E8BAE8A625} = {0EF6EA64-D7C3-420D-9890-EAE8D54A57E6}
		{7C06FE2D-6C62-48F5-A505-F0D715C554DE} = {0EF6EA64-D7C3-420D-9890-EAE8D54A57E6}
		{AF89083D-4715-42E6-93E9-38497D12A8A6} = {BF3ED6BF-ADF3-4D25-8E89-02FB8D945CA9}
		{B5CDB0DC-B26D-48F1-B934-FE5C1C991940} = {D687DDC4-66C5-4667-9E3A-FD8B78ECAA78}
		{C74FBA78-13E8-407F-A173-4555AEE41FF3} = {7592AFA4-426B-42F3-AE82-957C86814482}
		{DFBABB04-50E9-42F6-B470-310E1B545638} = {7592AFA4-426B-42F3-AE82-957C86814482}
		{B445B19C-A925-4873-8CB7-8317898B6970} = {27C5D71D-0721-4221-9286-B94AB07B58CF}
		{CDB47863-BEBD-4841-A807-46D868962521} = {7592AFA4-426B-42F3-AE82-957C86814482}
		{273F2527-1658-4CCF-8DC6-600E921188C5} = {DD020B34-460F-455F-8D17-CF4A949F100B}
		{2F3700EF-1CDA-4C15-AC88-360230000ECD} = {DD020B34-460F-455F-8D17-CF4A949F100B}
		{3046DBF4-C2FF-4F3A-9176-E1C01E0A90E5} = {D687DDC4-66C5-4667-9E3A-FD8B78ECAA78}
		{11011FF8-77EA-4B25-96C0-29D4D486EF1C} = {A7F41094-8648-446B-AECD-DCC2CC871F73}
		{43CB06A9-7E88-4C5F-BFB8-947E072CBC9F} = {27C5D71D-0721-4221-9286-B94AB07B58CF}
		{7F73A3D8-FFC2-4E31-AA3D-A4840316A8C6} = {27C5D71D-0721-4221-9286-B94AB07B58CF}
		{945DD3B7-94E5-435E-B3CB-796C20A652C7} = {DD020B34-460F-455F-8D17-CF4A949F100B}
		{FD3E9371-3134-4235-8E80-32226DFB4B1F} = {27C5D71D-0721-4221-9286-B94AB07B58CF}
		{D83B27F3-4401-42F5-843E-147566B4999A} = {DD020B34-460F-455F-8D17-CF4A949F100B}
		{00359961-0C50-4BB1-A794-8B06DE991639} = {D687DDC4-66C5-4667-9E3A-FD8B78ECAA78}
		{4E04EB35-7FD2-4FDB-B09A-F75CE24053B9} = {3046DBF4-C2FF-4F3A-9176-E1C01E0A90E5}
		{0EAE36A1-B578-4F13-A113-7A477ECA1BDA} = {BF3ED6BF-ADF3-4D25-8E89-02FB8D945CA9}
		{290D1278-F613-4DF3-9DF5-F37E38CDC363} = {BF3ED6BF-ADF3-4D25-8E89-02FB8D945CA9}
		{C8BB6A85-A7EA-40C0-893D-F36F317829B3} = {BF3ED6BF-ADF3-4D25-8E89-02FB8D945CA9}
		{BF9828E9-5597-4D42-AA6E-6E6C12214204} = {BF3ED6BF-ADF3-4D25-8E89-02FB8D945CA9}
		{D9697361-232F-465D-A136-4561E0E88488} = {D687DDC4-66C5-4667-9E3A-FD8B78ECAA78}
		{9CAF360E-5AD3-4C4F-89A0-327EEB70D673} = {BF3ED6BF-ADF3-4D25-8E89-02FB8D945CA9}
		{E90114C6-86FC-43B8-AE5C-D9273CF21FE4} = {BF3ED6BF-ADF3-4D25-8E89-02FB8D945CA9}
		{55A7D436-CC8C-47E6-B43A-DFE32E0FE38C} = {27C5D71D-0721-4221-9286-B94AB07B58CF}
		{CE0D5FEB-F6DB-4EB8-B8A9-6A4A32944539} = {DD020B34-460F-455F-8D17-CF4A949F100B}
		{984BBCC6-C827-430A-8796-C4EB55E7D979} = {27C5D71D-0721-4221-9286-B94AB07B58CF}
		{A716C2AB-1B38-4284-AC94-2C3D9B758534} = {DD020B34-460F-455F-8D17-CF4A949F100B}
	EndGlobalSection
	GlobalSection(ExtensibilityGlobals) = postSolution
		SolutionGuid = {65220BF2-EAE1-4CB2-AA58-EBE80768CB40}
	EndGlobalSection
EndGlobal
