
Microsoft Visual Studio Solution File, Format Version 12.00
# Visual Studio Version 16
VisualStudioVersion = 16.0.29318.209
MinimumVisualStudioVersion = 10.0.40219.1
Project("{9A19103F-16F7-4668-BE54-9A1E7A4F7556}") = "Dapr.Actors", "src\Dapr.Actors\Dapr.Actors.csproj", "{C2DB4B64-B7C3-4FED-8753-C040F677C69A}"
EndProject
Project("{9A19103F-16F7-4668-BE54-9A1E7A4F7556}") = "Dapr.Actors.Test", "test\Dapr.Actors.Test\Dapr.Actors.Test.csproj", "{41BF4392-54BD-4FE7-A3EB-CD045F88CA9A}"
EndProject
Project("{9A19103F-16F7-4668-BE54-9A1E7A4F7556}") = "Dapr.Actors.AspNetCore", "src\Dapr.Actors.AspNetCore\Dapr.Actors.AspNetCore.csproj", "{B9C12532-0969-4DAC-A2F8-CA9208D7A901}"
EndProject
Project("{2150E333-8FDC-42A3-9474-1A3956D46DE8}") = "src", "src", "{27C5D71D-0721-4221-9286-B94AB07B58CF}"
EndProject
Project("{9A19103F-16F7-4668-BE54-9A1E7A4F7556}") = "Dapr.Client", "src\Dapr.Client\Dapr.Client.csproj", "{62E41317-ED5D-4AA4-B129-C9E56C27354C}"
EndProject
Project("{9A19103F-16F7-4668-BE54-9A1E7A4F7556}") = "Dapr.AspNetCore", "src\Dapr.AspNetCore\Dapr.AspNetCore.csproj", "{08D602F6-7C11-4653-B70B-B56333BF6FD2}"
EndProject
Project("{2150E333-8FDC-42A3-9474-1A3956D46DE8}") = "samples", "samples", "{B2DB41EE-45F5-447B-95E8-38E1E8B70C4E}"
EndProject
Project("{9A19103F-16F7-4668-BE54-9A1E7A4F7556}") = "ControllerSample", "samples\AspNetCore\ControllerSample\ControllerSample.csproj", "{2B015C86-32FB-4178-8F8A-26749B6FCE11}"
EndProject
Project("{9A19103F-16F7-4668-BE54-9A1E7A4F7556}") = "RoutingSample", "samples\AspNetCore\RoutingSample\RoutingSample.csproj", "{1FBDE4EF-D8B0-4BFE-B393-3CA4FE1944A2}"
EndProject
Project("{2150E333-8FDC-42A3-9474-1A3956D46DE8}") = "test", "test", "{DD020B34-460F-455F-8D17-CF4A949F100B}"
EndProject
Project("{9A19103F-16F7-4668-BE54-9A1E7A4F7556}") = "Dapr.Client.Test", "test\Dapr.Client.Test\Dapr.Client.Test.csproj", "{383609C1-F43F-49EB-85E4-1964EE7F0F14}"
EndProject
Project("{9A19103F-16F7-4668-BE54-9A1E7A4F7556}") = "Dapr.AspNetCore.Test", "test\Dapr.AspNetCore.Test\Dapr.AspNetCore.Test.csproj", "{B314AD5E-10AC-418A-B021-D4206BF37ACF}"
EndProject
Project("{9A19103F-16F7-4668-BE54-9A1E7A4F7556}") = "Dapr.AspNetCore.IntegrationTest", "test\Dapr.AspNetCore.IntegrationTest\Dapr.AspNetCore.IntegrationTest.csproj", "{0CD1912D-5E27-4A2A-A998-164792E0D006}"
EndProject
Project("{9A19103F-16F7-4668-BE54-9A1E7A4F7556}") = "Dapr.AspNetCore.IntegrationTest.App", "test\Dapr.AspNetCore.IntegrationTest.App\Dapr.AspNetCore.IntegrationTest.App.csproj", "{342783B5-F75B-4752-A3E2-B8CB7D09C080}"
EndProject
Project("{2150E333-8FDC-42A3-9474-1A3956D46DE8}") = "Actor", "Actor", "{CA751B2C-E7F0-4AFA-BA5D-E91DD24E2847}"
EndProject
Project("{9A19103F-16F7-4668-BE54-9A1E7A4F7556}") = "IDemoActor", "samples\Actor\IDemoActor\IDemoActor.csproj", "{234ADFE8-BA4D-4F75-BE77-5C32675FA3FA}"
EndProject
Project("{9A19103F-16F7-4668-BE54-9A1E7A4F7556}") = "DemoActor", "samples\Actor\DemoActor\DemoActor.csproj", "{2A398D08-8708-4D97-B036-CCE415B6A715}"
EndProject
Project("{9A19103F-16F7-4668-BE54-9A1E7A4F7556}") = "ActorClient", "samples\Actor\ActorClient\ActorClient.csproj", "{9D0A3EB0-C47C-4C68-A9A2-B253EC81E6C4}"
EndProject
Project("{2150E333-8FDC-42A3-9474-1A3956D46DE8}") = "AspNetCore", "AspNetCore", "{DCBEAB71-0BDE-42F4-8187-F576942CB038}"
EndProject
Project("{9A19103F-16F7-4668-BE54-9A1E7A4F7556}") = "DaprClient", "samples\Client\DaprClient\DaprClient.csproj", "{576B28F7-0D86-4C11-828A-B648E11863F6}"
EndProject
Project("{2150E333-8FDC-42A3-9474-1A3956D46DE8}") = "Client", "Client", "{9ED03812-9DDE-4DFE-9574-DF3671EECA25}"
EndProject
Project("{2150E333-8FDC-42A3-9474-1A3956D46DE8}") = "Solution Items", "Solution Items", "{1BD1276E-D28A-45EA-89B1-6AD48471500D}"
	ProjectSection(SolutionItems) = preProject
		.editorconfig = .editorconfig
	EndProjectSection
EndProject
Project("{FAE04EC0-301F-11D3-BF4B-00C04F79EFBC}") = "Dapr.Extensions.Configuration", "src\Dapr.Extensions.Configuration\Dapr.Extensions.Configuration.csproj", "{3EFB6020-F928-4FF4-A795-6B426C3886A9}"
EndProject
Project("{FAE04EC0-301F-11D3-BF4B-00C04F79EFBC}") = "Dapr.Extensions.Configuration.Test", "test\Dapr.Extensions.Configuration.Test\Dapr.Extensions.Configuration.Test.csproj", "{E39DC087-2521-4BB3-933E-E8AFD74AFA6F}"
EndProject
Global
	GlobalSection(SolutionConfigurationPlatforms) = preSolution
		Debug|Any CPU = Debug|Any CPU
		Release|Any CPU = Release|Any CPU
	EndGlobalSection
	GlobalSection(ProjectConfigurationPlatforms) = postSolution
		{C2DB4B64-B7C3-4FED-8753-C040F677C69A}.Debug|Any CPU.ActiveCfg = Debug|Any CPU
		{C2DB4B64-B7C3-4FED-8753-C040F677C69A}.Debug|Any CPU.Build.0 = Debug|Any CPU
		{C2DB4B64-B7C3-4FED-8753-C040F677C69A}.Release|Any CPU.ActiveCfg = Release|Any CPU
		{C2DB4B64-B7C3-4FED-8753-C040F677C69A}.Release|Any CPU.Build.0 = Release|Any CPU
		{41BF4392-54BD-4FE7-A3EB-CD045F88CA9A}.Debug|Any CPU.ActiveCfg = Debug|Any CPU
		{41BF4392-54BD-4FE7-A3EB-CD045F88CA9A}.Debug|Any CPU.Build.0 = Debug|Any CPU
		{41BF4392-54BD-4FE7-A3EB-CD045F88CA9A}.Release|Any CPU.ActiveCfg = Release|Any CPU
		{41BF4392-54BD-4FE7-A3EB-CD045F88CA9A}.Release|Any CPU.Build.0 = Release|Any CPU
		{B9C12532-0969-4DAC-A2F8-CA9208D7A901}.Debug|Any CPU.ActiveCfg = Debug|Any CPU
		{B9C12532-0969-4DAC-A2F8-CA9208D7A901}.Debug|Any CPU.Build.0 = Debug|Any CPU
		{B9C12532-0969-4DAC-A2F8-CA9208D7A901}.Release|Any CPU.ActiveCfg = Release|Any CPU
		{B9C12532-0969-4DAC-A2F8-CA9208D7A901}.Release|Any CPU.Build.0 = Release|Any CPU
		{62E41317-ED5D-4AA4-B129-C9E56C27354C}.Debug|Any CPU.ActiveCfg = Debug|Any CPU
		{62E41317-ED5D-4AA4-B129-C9E56C27354C}.Debug|Any CPU.Build.0 = Debug|Any CPU
		{62E41317-ED5D-4AA4-B129-C9E56C27354C}.Release|Any CPU.ActiveCfg = Release|Any CPU
		{62E41317-ED5D-4AA4-B129-C9E56C27354C}.Release|Any CPU.Build.0 = Release|Any CPU
		{08D602F6-7C11-4653-B70B-B56333BF6FD2}.Debug|Any CPU.ActiveCfg = Debug|Any CPU
		{08D602F6-7C11-4653-B70B-B56333BF6FD2}.Debug|Any CPU.Build.0 = Debug|Any CPU
		{08D602F6-7C11-4653-B70B-B56333BF6FD2}.Release|Any CPU.ActiveCfg = Release|Any CPU
		{08D602F6-7C11-4653-B70B-B56333BF6FD2}.Release|Any CPU.Build.0 = Release|Any CPU
		{2B015C86-32FB-4178-8F8A-26749B6FCE11}.Debug|Any CPU.ActiveCfg = Debug|Any CPU
		{2B015C86-32FB-4178-8F8A-26749B6FCE11}.Debug|Any CPU.Build.0 = Debug|Any CPU
		{2B015C86-32FB-4178-8F8A-26749B6FCE11}.Release|Any CPU.ActiveCfg = Release|Any CPU
		{2B015C86-32FB-4178-8F8A-26749B6FCE11}.Release|Any CPU.Build.0 = Release|Any CPU
		{1FBDE4EF-D8B0-4BFE-B393-3CA4FE1944A2}.Debug|Any CPU.ActiveCfg = Debug|Any CPU
		{1FBDE4EF-D8B0-4BFE-B393-3CA4FE1944A2}.Debug|Any CPU.Build.0 = Debug|Any CPU
		{1FBDE4EF-D8B0-4BFE-B393-3CA4FE1944A2}.Release|Any CPU.ActiveCfg = Release|Any CPU
		{1FBDE4EF-D8B0-4BFE-B393-3CA4FE1944A2}.Release|Any CPU.Build.0 = Release|Any CPU
		{383609C1-F43F-49EB-85E4-1964EE7F0F14}.Debug|Any CPU.ActiveCfg = Debug|Any CPU
		{383609C1-F43F-49EB-85E4-1964EE7F0F14}.Debug|Any CPU.Build.0 = Debug|Any CPU
		{383609C1-F43F-49EB-85E4-1964EE7F0F14}.Release|Any CPU.ActiveCfg = Release|Any CPU
		{383609C1-F43F-49EB-85E4-1964EE7F0F14}.Release|Any CPU.Build.0 = Release|Any CPU
		{B314AD5E-10AC-418A-B021-D4206BF37ACF}.Debug|Any CPU.ActiveCfg = Debug|Any CPU
		{B314AD5E-10AC-418A-B021-D4206BF37ACF}.Debug|Any CPU.Build.0 = Debug|Any CPU
		{B314AD5E-10AC-418A-B021-D4206BF37ACF}.Release|Any CPU.ActiveCfg = Release|Any CPU
		{B314AD5E-10AC-418A-B021-D4206BF37ACF}.Release|Any CPU.Build.0 = Release|Any CPU
		{0CD1912D-5E27-4A2A-A998-164792E0D006}.Debug|Any CPU.ActiveCfg = Debug|Any CPU
		{0CD1912D-5E27-4A2A-A998-164792E0D006}.Debug|Any CPU.Build.0 = Debug|Any CPU
		{0CD1912D-5E27-4A2A-A998-164792E0D006}.Release|Any CPU.ActiveCfg = Release|Any CPU
		{0CD1912D-5E27-4A2A-A998-164792E0D006}.Release|Any CPU.Build.0 = Release|Any CPU
		{342783B5-F75B-4752-A3E2-B8CB7D09C080}.Debug|Any CPU.ActiveCfg = Debug|Any CPU
		{342783B5-F75B-4752-A3E2-B8CB7D09C080}.Debug|Any CPU.Build.0 = Debug|Any CPU
		{342783B5-F75B-4752-A3E2-B8CB7D09C080}.Release|Any CPU.ActiveCfg = Release|Any CPU
		{342783B5-F75B-4752-A3E2-B8CB7D09C080}.Release|Any CPU.Build.0 = Release|Any CPU
		{234ADFE8-BA4D-4F75-BE77-5C32675FA3FA}.Debug|Any CPU.ActiveCfg = Debug|Any CPU
		{234ADFE8-BA4D-4F75-BE77-5C32675FA3FA}.Debug|Any CPU.Build.0 = Debug|Any CPU
		{234ADFE8-BA4D-4F75-BE77-5C32675FA3FA}.Release|Any CPU.ActiveCfg = Release|Any CPU
		{234ADFE8-BA4D-4F75-BE77-5C32675FA3FA}.Release|Any CPU.Build.0 = Release|Any CPU
		{2A398D08-8708-4D97-B036-CCE415B6A715}.Debug|Any CPU.ActiveCfg = Debug|Any CPU
		{2A398D08-8708-4D97-B036-CCE415B6A715}.Debug|Any CPU.Build.0 = Debug|Any CPU
		{2A398D08-8708-4D97-B036-CCE415B6A715}.Release|Any CPU.ActiveCfg = Release|Any CPU
		{2A398D08-8708-4D97-B036-CCE415B6A715}.Release|Any CPU.Build.0 = Release|Any CPU
		{9D0A3EB0-C47C-4C68-A9A2-B253EC81E6C4}.Debug|Any CPU.ActiveCfg = Debug|Any CPU
		{9D0A3EB0-C47C-4C68-A9A2-B253EC81E6C4}.Debug|Any CPU.Build.0 = Debug|Any CPU
		{9D0A3EB0-C47C-4C68-A9A2-B253EC81E6C4}.Release|Any CPU.ActiveCfg = Release|Any CPU
		{9D0A3EB0-C47C-4C68-A9A2-B253EC81E6C4}.Release|Any CPU.Build.0 = Release|Any CPU
		{576B28F7-0D86-4C11-828A-B648E11863F6}.Debug|Any CPU.ActiveCfg = Debug|Any CPU
		{576B28F7-0D86-4C11-828A-B648E11863F6}.Debug|Any CPU.Build.0 = Debug|Any CPU
		{576B28F7-0D86-4C11-828A-B648E11863F6}.Release|Any CPU.ActiveCfg = Release|Any CPU
		{576B28F7-0D86-4C11-828A-B648E11863F6}.Release|Any CPU.Build.0 = Release|Any CPU
		{3EFB6020-F928-4FF4-A795-6B426C3886A9}.Debug|Any CPU.ActiveCfg = Debug|Any CPU
		{3EFB6020-F928-4FF4-A795-6B426C3886A9}.Debug|Any CPU.Build.0 = Debug|Any CPU
		{3EFB6020-F928-4FF4-A795-6B426C3886A9}.Release|Any CPU.ActiveCfg = Release|Any CPU
		{3EFB6020-F928-4FF4-A795-6B426C3886A9}.Release|Any CPU.Build.0 = Release|Any CPU
		{E39DC087-2521-4BB3-933E-E8AFD74AFA6F}.Debug|Any CPU.ActiveCfg = Debug|Any CPU
		{E39DC087-2521-4BB3-933E-E8AFD74AFA6F}.Debug|Any CPU.Build.0 = Debug|Any CPU
		{E39DC087-2521-4BB3-933E-E8AFD74AFA6F}.Release|Any CPU.ActiveCfg = Release|Any CPU
		{E39DC087-2521-4BB3-933E-E8AFD74AFA6F}.Release|Any CPU.Build.0 = Release|Any CPU
	EndGlobalSection
	GlobalSection(SolutionProperties) = preSolution
		HideSolutionNode = FALSE
	EndGlobalSection
	GlobalSection(NestedProjects) = preSolution
		{C2DB4B64-B7C3-4FED-8753-C040F677C69A} = {27C5D71D-0721-4221-9286-B94AB07B58CF}
		{41BF4392-54BD-4FE7-A3EB-CD045F88CA9A} = {DD020B34-460F-455F-8D17-CF4A949F100B}
		{B9C12532-0969-4DAC-A2F8-CA9208D7A901} = {27C5D71D-0721-4221-9286-B94AB07B58CF}
		{62E41317-ED5D-4AA4-B129-C9E56C27354C} = {27C5D71D-0721-4221-9286-B94AB07B58CF}
		{08D602F6-7C11-4653-B70B-B56333BF6FD2} = {27C5D71D-0721-4221-9286-B94AB07B58CF}
		{2B015C86-32FB-4178-8F8A-26749B6FCE11} = {DCBEAB71-0BDE-42F4-8187-F576942CB038}
		{1FBDE4EF-D8B0-4BFE-B393-3CA4FE1944A2} = {DCBEAB71-0BDE-42F4-8187-F576942CB038}
		{383609C1-F43F-49EB-85E4-1964EE7F0F14} = {DD020B34-460F-455F-8D17-CF4A949F100B}
		{B314AD5E-10AC-418A-B021-D4206BF37ACF} = {DD020B34-460F-455F-8D17-CF4A949F100B}
		{0CD1912D-5E27-4A2A-A998-164792E0D006} = {DD020B34-460F-455F-8D17-CF4A949F100B}
		{342783B5-F75B-4752-A3E2-B8CB7D09C080} = {DD020B34-460F-455F-8D17-CF4A949F100B}
		{CA751B2C-E7F0-4AFA-BA5D-E91DD24E2847} = {B2DB41EE-45F5-447B-95E8-38E1E8B70C4E}
		{234ADFE8-BA4D-4F75-BE77-5C32675FA3FA} = {CA751B2C-E7F0-4AFA-BA5D-E91DD24E2847}
		{2A398D08-8708-4D97-B036-CCE415B6A715} = {CA751B2C-E7F0-4AFA-BA5D-E91DD24E2847}
		{9D0A3EB0-C47C-4C68-A9A2-B253EC81E6C4} = {CA751B2C-E7F0-4AFA-BA5D-E91DD24E2847}
		{DCBEAB71-0BDE-42F4-8187-F576942CB038} = {B2DB41EE-45F5-447B-95E8-38E1E8B70C4E}
		{576B28F7-0D86-4C11-828A-B648E11863F6} = {9ED03812-9DDE-4DFE-9574-DF3671EECA25}
		{9ED03812-9DDE-4DFE-9574-DF3671EECA25} = {B2DB41EE-45F5-447B-95E8-38E1E8B70C4E}
		{3EFB6020-F928-4FF4-A795-6B426C3886A9} = {27C5D71D-0721-4221-9286-B94AB07B58CF}
		{E39DC087-2521-4BB3-933E-E8AFD74AFA6F} = {DD020B34-460F-455F-8D17-CF4A949F100B}
	EndGlobalSection
	GlobalSection(ExtensibilityGlobals) = postSolution
		SolutionGuid = {65220BF2-EAE1-4CB2-AA58-EBE80768CB40}
	EndGlobalSection
EndGlobal
