
Microsoft Visual Studio Solution File, Format Version 12.00
# Visual Studio Version 17
VisualStudioVersion = 17.3.32929.385
MinimumVisualStudioVersion = 10.0.40219.1
Project("{9A19103F-16F7-4668-BE54-9A1E7A4F7556}") = "Dapr.Actors", "src\Dapr.Actors\Dapr.Actors.csproj", "{C2DB4B64-B7C3-4FED-8753-C040F677C69A}"
EndProject
Project("{9A19103F-16F7-4668-BE54-9A1E7A4F7556}") = "Dapr.Actors.Test", "test\Dapr.Actors.Test\Dapr.Actors.Test.csproj", "{41BF4392-54BD-4FE7-A3EB-CD045F88CA9A}"
EndProject
Project("{9A19103F-16F7-4668-BE54-9A1E7A4F7556}") = "Dapr.Actors.AspNetCore", "src\Dapr.Actors.AspNetCore\Dapr.Actors.AspNetCore.csproj", "{B9C12532-0969-4DAC-A2F8-CA9208D7A901}"
EndProject
Project("{2150E333-8FDC-42A3-9474-1A3956D46DE8}") = "src", "src", "{27C5D71D-0721-4221-9286-B94AB07B58CF}"
EndProject
Project("{9A19103F-16F7-4668-BE54-9A1E7A4F7556}") = "Dapr.Client", "src\Dapr.Client\Dapr.Client.csproj", "{62E41317-ED5D-4AA4-B129-C9E56C27354C}"
EndProject
Project("{9A19103F-16F7-4668-BE54-9A1E7A4F7556}") = "Dapr.AspNetCore", "src\Dapr.AspNetCore\Dapr.AspNetCore.csproj", "{08D602F6-7C11-4653-B70B-B56333BF6FD2}"
EndProject
Project("{2150E333-8FDC-42A3-9474-1A3956D46DE8}") = "samples", "samples", "{B2DB41EE-45F5-447B-95E8-38E1E8B70C4E}"
	ProjectSection(SolutionItems) = preProject
		samples\.editorconfig = samples\.editorconfig
	EndProjectSection
EndProject
Project("{2150E333-8FDC-42A3-9474-1A3956D46DE8}") = "test", "test", "{DD020B34-460F-455F-8D17-CF4A949F100B}"
EndProject
Project("{9A19103F-16F7-4668-BE54-9A1E7A4F7556}") = "Dapr.Client.Test", "test\Dapr.Client.Test\Dapr.Client.Test.csproj", "{383609C1-F43F-49EB-85E4-1964EE7F0F14}"
EndProject
Project("{9A19103F-16F7-4668-BE54-9A1E7A4F7556}") = "Dapr.AspNetCore.Test", "test\Dapr.AspNetCore.Test\Dapr.AspNetCore.Test.csproj", "{B314AD5E-10AC-418A-B021-D4206BF37ACF}"
EndProject
Project("{9A19103F-16F7-4668-BE54-9A1E7A4F7556}") = "Dapr.AspNetCore.IntegrationTest", "test\Dapr.AspNetCore.IntegrationTest\Dapr.AspNetCore.IntegrationTest.csproj", "{0CD1912D-5E27-4A2A-A998-164792E0D006}"
EndProject
Project("{9A19103F-16F7-4668-BE54-9A1E7A4F7556}") = "Dapr.AspNetCore.IntegrationTest.App", "test\Dapr.AspNetCore.IntegrationTest.App\Dapr.AspNetCore.IntegrationTest.App.csproj", "{342783B5-F75B-4752-A3E2-B8CB7D09C080}"
EndProject
Project("{2150E333-8FDC-42A3-9474-1A3956D46DE8}") = "Solution Items", "Solution Items", "{1BD1276E-D28A-45EA-89B1-6AD48471500D}"
	ProjectSection(SolutionItems) = preProject
		.editorconfig = .editorconfig
	EndProjectSection
EndProject
Project("{9A19103F-16F7-4668-BE54-9A1E7A4F7556}") = "Dapr.Actors.AspNetCore.Test", "test\Dapr.Actors.AspNetCore.Test\Dapr.Actors.AspNetCore.Test.csproj", "{9C1D6ABA-5EDE-4FA0-A8A9-0AB98CB74737}"
EndProject
Project("{9A19103F-16F7-4668-BE54-9A1E7A4F7556}") = "Dapr.Actors.AspNetCore.IntegrationTest", "test\Dapr.Actors.AspNetCore.IntegrationTest\Dapr.Actors.AspNetCore.IntegrationTest.csproj", "{95BAF30B-8089-42CE-8530-6DFBCE1F6A07}"
EndProject
Project("{9A19103F-16F7-4668-BE54-9A1E7A4F7556}") = "Dapr.Actors.AspNetCore.IntegrationTest.App", "test\Dapr.Actors.AspNetCore.IntegrationTest.App\Dapr.Actors.AspNetCore.IntegrationTest.App.csproj", "{1BA7E772-8AA7-4D5A-800D-66B17F62421C}"
EndProject
Project("{9A19103F-16F7-4668-BE54-9A1E7A4F7556}") = "Dapr.Extensions.Configuration.Test", "test\Dapr.Extensions.Configuration.Test\Dapr.Extensions.Configuration.Test.csproj", "{78FC19B2-396C-4ED2-BFD9-6C5667C61666}"
EndProject
Project("{9A19103F-16F7-4668-BE54-9A1E7A4F7556}") = "Dapr.Extensions.Configuration", "src\Dapr.Extensions.Configuration\Dapr.Extensions.Configuration.csproj", "{B615B353-476C-43B9-A776-B193B0DBD256}"
EndProject
Project("{2150E333-8FDC-42A3-9474-1A3956D46DE8}") = "examples", "examples", "{D687DDC4-66C5-4667-9E3A-FD8B78ECAA78}"
EndProject
Project("{2150E333-8FDC-42A3-9474-1A3956D46DE8}") = "AspNetCore", "AspNetCore", "{A11DC259-D1DB-4686-AD28-A427D0BABA83}"
EndProject
Project("{9A19103F-16F7-4668-BE54-9A1E7A4F7556}") = "GrpcServiceSample", "examples\AspNetCore\GrpcServiceSample\GrpcServiceSample.csproj", "{2EC50C79-782D-4985-ABB1-AD07F35D1621}"
EndProject
Project("{9A19103F-16F7-4668-BE54-9A1E7A4F7556}") = "RoutingSample", "examples\AspNetCore\RoutingSample\RoutingSample.csproj", "{15A16323-2CCA-472E-BE79-07259DAD5F6F}"
EndProject
Project("{9A19103F-16F7-4668-BE54-9A1E7A4F7556}") = "SecretStoreConfigurationProviderSample", "examples\AspNetCore\SecretStoreConfigurationProviderSample\SecretStoreConfigurationProviderSample.csproj", "{5BACBA51-03FE-4CE1-B0F5-9E9C2A132FAB}"
EndProject
Project("{9A19103F-16F7-4668-BE54-9A1E7A4F7556}") = "ControllerSample", "examples\AspNetCore\ControllerSample\ControllerSample.csproj", "{3160CC92-1D6E-42CB-AE89-9401C8CEC5CB}"
EndProject
Project("{2150E333-8FDC-42A3-9474-1A3956D46DE8}") = "Actor", "Actor", "{02374BD0-BF0B-40F8-A04A-C4C4D61D4992}"
EndProject
Project("{9A19103F-16F7-4668-BE54-9A1E7A4F7556}") = "IDemoActor", "examples\Actor\IDemoActor\IDemoActor.csproj", "{7957E852-1291-4FAA-9034-FB66CE817FF1}"
EndProject
Project("{9A19103F-16F7-4668-BE54-9A1E7A4F7556}") = "DemoActor", "examples\Actor\DemoActor\DemoActor.csproj", "{626D74DD-4F37-4F74-87A3-5A6888684F5E}"
EndProject
Project("{9A19103F-16F7-4668-BE54-9A1E7A4F7556}") = "ActorClient", "examples\Actor\ActorClient\ActorClient.csproj", "{CC0A5C98-ACDE-4139-BA2F-2995A9B8E18C}"
EndProject
Project("{2150E333-8FDC-42A3-9474-1A3956D46DE8}") = "Client", "Client", "{A7F41094-8648-446B-AECD-DCC2CC871F73}"
EndProject
Project("{9A19103F-16F7-4668-BE54-9A1E7A4F7556}") = "StateManagement", "examples\Client\StateManagement\StateManagement.csproj", "{F70AC78E-8925-4770-832A-2FC67A620EB2}"
EndProject
Project("{9A19103F-16F7-4668-BE54-9A1E7A4F7556}") = "ServiceInvocation", "examples\Client\ServiceInvocation\ServiceInvocation.csproj", "{8B570E70-0E73-4042-A4B6-1CC3CC782A65}"
EndProject
Project("{9A19103F-16F7-4668-BE54-9A1E7A4F7556}") = "PublishSubscribe", "examples\Client\PublishSubscribe\PublishSubscribe.csproj", "{DE6913E3-E5D9-4D1D-95F9-9FED87BD09BC}"
EndProject
Project("{9A19103F-16F7-4668-BE54-9A1E7A4F7556}") = "Dapr.E2E.Test", "test\Dapr.E2E.Test\Dapr.E2E.Test.csproj", "{4AA9E7B7-36BF-4AAE-BFA3-C9CE8740F4A0}"
EndProject
Project("{9A19103F-16F7-4668-BE54-9A1E7A4F7556}") = "Dapr.E2E.Test.App", "test\Dapr.E2E.Test.App\Dapr.E2E.Test.App.csproj", "{345FC3FB-D1E9-4AE8-9052-17D20AB01FA2}"
EndProject
Project("{9A19103F-16F7-4668-BE54-9A1E7A4F7556}") = "Dapr.E2E.Test.Actors", "test\Dapr.E2E.Test.Actors\Dapr.E2E.Test.Actors.csproj", "{2AED1542-A8ED-488D-B6D0-E16AB5D6EF6C}"
EndProject
Project("{9A19103F-16F7-4668-BE54-9A1E7A4F7556}") = "Dapr.E2E.Test.App.Grpc", "test\Dapr.E2E.Test.App.Grpc\Dapr.E2E.Test.App.Grpc.csproj", "{E8212911-344B-4638-ADC3-B215BCDCAFD1}"
EndProject
Project("{9A19103F-16F7-4668-BE54-9A1E7A4F7556}") = "ConfigurationApi", "examples\Client\ConfigurationApi\ConfigurationApi.csproj", "{F80F837E-D2FC-4FFC-B68F-3CF0EC015F66}"
EndProject
Project("{9A19103F-16F7-4668-BE54-9A1E7A4F7556}") = "Dapr.E2E.Test.App.ReentrantActors", "test\Dapr.E2E.Test.App.ReentrantActor\Dapr.E2E.Test.App.ReentrantActors.csproj", "{5BE7F505-7D77-4C3A-ABFD-54088774DAA7}"
EndProject
Project("{9A19103F-16F7-4668-BE54-9A1E7A4F7556}") = "DistributedLock", "examples\Client\DistributedLock\DistributedLock.csproj", "{35031EDB-C0DE-453A-8335-D2EBEA2FC640}"
EndProject
Project("{9A19103F-16F7-4668-BE54-9A1E7A4F7556}") = "Dapr.Workflow", "src\Dapr.Workflow\Dapr.Workflow.csproj", "{07578B6C-9B96-4B3D-BA2E-7800EFCA7F99}"
EndProject
Project("{2150E333-8FDC-42A3-9474-1A3956D46DE8}") = "Workflow", "Workflow", "{BF3ED6BF-ADF3-4D25-8E89-02FB8D945CA9}"
	ProjectSection(SolutionItems) = preProject
		examples\Workflow\README.md = examples\Workflow\README.md
	EndProjectSection
EndProject
Project("{9A19103F-16F7-4668-BE54-9A1E7A4F7556}") = "WorkflowConsoleApp", "examples\Workflow\WorkflowConsoleApp\WorkflowConsoleApp.csproj", "{5C61ABED-7623-4C28-A5C9-C5972A0F669C}"
EndProject
Project("{2150E333-8FDC-42A3-9474-1A3956D46DE8}") = "PublishSubscribe", "PublishSubscribe", "{0EF6EA64-D7C3-420D-9890-EAE8D54A57E6}"
EndProject
Project("{9A19103F-16F7-4668-BE54-9A1E7A4F7556}") = "PublishEventExample", "examples\Client\PublishSubscribe\PublishEventExample\PublishEventExample.csproj", "{4A175C27-EAFE-47E7-90F6-873B37863656}"
EndProject
Project("{9A19103F-16F7-4668-BE54-9A1E7A4F7556}") = "BulkPublishEventExample", "examples\Client\PublishSubscribe\BulkPublishEventExample\BulkPublishEventExample.csproj", "{DDC41278-FB60-403A-B969-2AEBD7C2D83C}"
EndProject
Project("{9A19103F-16F7-4668-BE54-9A1E7A4F7556}") = "WorkflowUnitTest", "examples\Workflow\WorkflowUnitTest\WorkflowUnitTest.csproj", "{8CA09061-2BEF-4506-A763-07062D2BD6AC}"
EndProject
Global
	GlobalSection(SolutionConfigurationPlatforms) = preSolution
		Debug|Any CPU = Debug|Any CPU
		Release|Any CPU = Release|Any CPU
	EndGlobalSection
	GlobalSection(ProjectConfigurationPlatforms) = postSolution
		{C2DB4B64-B7C3-4FED-8753-C040F677C69A}.Debug|Any CPU.ActiveCfg = Debug|Any CPU
		{C2DB4B64-B7C3-4FED-8753-C040F677C69A}.Debug|Any CPU.Build.0 = Debug|Any CPU
		{C2DB4B64-B7C3-4FED-8753-C040F677C69A}.Release|Any CPU.ActiveCfg = Release|Any CPU
		{C2DB4B64-B7C3-4FED-8753-C040F677C69A}.Release|Any CPU.Build.0 = Release|Any CPU
		{41BF4392-54BD-4FE7-A3EB-CD045F88CA9A}.Debug|Any CPU.ActiveCfg = Debug|Any CPU
		{41BF4392-54BD-4FE7-A3EB-CD045F88CA9A}.Debug|Any CPU.Build.0 = Debug|Any CPU
		{41BF4392-54BD-4FE7-A3EB-CD045F88CA9A}.Release|Any CPU.ActiveCfg = Release|Any CPU
		{41BF4392-54BD-4FE7-A3EB-CD045F88CA9A}.Release|Any CPU.Build.0 = Release|Any CPU
		{B9C12532-0969-4DAC-A2F8-CA9208D7A901}.Debug|Any CPU.ActiveCfg = Debug|Any CPU
		{B9C12532-0969-4DAC-A2F8-CA9208D7A901}.Debug|Any CPU.Build.0 = Debug|Any CPU
		{B9C12532-0969-4DAC-A2F8-CA9208D7A901}.Release|Any CPU.ActiveCfg = Release|Any CPU
		{B9C12532-0969-4DAC-A2F8-CA9208D7A901}.Release|Any CPU.Build.0 = Release|Any CPU
		{62E41317-ED5D-4AA4-B129-C9E56C27354C}.Debug|Any CPU.ActiveCfg = Debug|Any CPU
		{62E41317-ED5D-4AA4-B129-C9E56C27354C}.Debug|Any CPU.Build.0 = Debug|Any CPU
		{62E41317-ED5D-4AA4-B129-C9E56C27354C}.Release|Any CPU.ActiveCfg = Release|Any CPU
		{62E41317-ED5D-4AA4-B129-C9E56C27354C}.Release|Any CPU.Build.0 = Release|Any CPU
		{08D602F6-7C11-4653-B70B-B56333BF6FD2}.Debug|Any CPU.ActiveCfg = Debug|Any CPU
		{08D602F6-7C11-4653-B70B-B56333BF6FD2}.Debug|Any CPU.Build.0 = Debug|Any CPU
		{08D602F6-7C11-4653-B70B-B56333BF6FD2}.Release|Any CPU.ActiveCfg = Release|Any CPU
		{08D602F6-7C11-4653-B70B-B56333BF6FD2}.Release|Any CPU.Build.0 = Release|Any CPU
		{383609C1-F43F-49EB-85E4-1964EE7F0F14}.Debug|Any CPU.ActiveCfg = Debug|Any CPU
		{383609C1-F43F-49EB-85E4-1964EE7F0F14}.Debug|Any CPU.Build.0 = Debug|Any CPU
		{383609C1-F43F-49EB-85E4-1964EE7F0F14}.Release|Any CPU.ActiveCfg = Release|Any CPU
		{383609C1-F43F-49EB-85E4-1964EE7F0F14}.Release|Any CPU.Build.0 = Release|Any CPU
		{B314AD5E-10AC-418A-B021-D4206BF37ACF}.Debug|Any CPU.ActiveCfg = Debug|Any CPU
		{B314AD5E-10AC-418A-B021-D4206BF37ACF}.Debug|Any CPU.Build.0 = Debug|Any CPU
		{B314AD5E-10AC-418A-B021-D4206BF37ACF}.Release|Any CPU.ActiveCfg = Release|Any CPU
		{B314AD5E-10AC-418A-B021-D4206BF37ACF}.Release|Any CPU.Build.0 = Release|Any CPU
		{0CD1912D-5E27-4A2A-A998-164792E0D006}.Debug|Any CPU.ActiveCfg = Debug|Any CPU
		{0CD1912D-5E27-4A2A-A998-164792E0D006}.Debug|Any CPU.Build.0 = Debug|Any CPU
		{0CD1912D-5E27-4A2A-A998-164792E0D006}.Release|Any CPU.ActiveCfg = Release|Any CPU
		{0CD1912D-5E27-4A2A-A998-164792E0D006}.Release|Any CPU.Build.0 = Release|Any CPU
		{342783B5-F75B-4752-A3E2-B8CB7D09C080}.Debug|Any CPU.ActiveCfg = Debug|Any CPU
		{342783B5-F75B-4752-A3E2-B8CB7D09C080}.Debug|Any CPU.Build.0 = Debug|Any CPU
		{342783B5-F75B-4752-A3E2-B8CB7D09C080}.Release|Any CPU.ActiveCfg = Release|Any CPU
		{342783B5-F75B-4752-A3E2-B8CB7D09C080}.Release|Any CPU.Build.0 = Release|Any CPU
		{9C1D6ABA-5EDE-4FA0-A8A9-0AB98CB74737}.Debug|Any CPU.ActiveCfg = Debug|Any CPU
		{9C1D6ABA-5EDE-4FA0-A8A9-0AB98CB74737}.Debug|Any CPU.Build.0 = Debug|Any CPU
		{9C1D6ABA-5EDE-4FA0-A8A9-0AB98CB74737}.Release|Any CPU.ActiveCfg = Release|Any CPU
		{9C1D6ABA-5EDE-4FA0-A8A9-0AB98CB74737}.Release|Any CPU.Build.0 = Release|Any CPU
		{95BAF30B-8089-42CE-8530-6DFBCE1F6A07}.Debug|Any CPU.ActiveCfg = Debug|Any CPU
		{95BAF30B-8089-42CE-8530-6DFBCE1F6A07}.Debug|Any CPU.Build.0 = Debug|Any CPU
		{95BAF30B-8089-42CE-8530-6DFBCE1F6A07}.Release|Any CPU.ActiveCfg = Release|Any CPU
		{95BAF30B-8089-42CE-8530-6DFBCE1F6A07}.Release|Any CPU.Build.0 = Release|Any CPU
		{1BA7E772-8AA7-4D5A-800D-66B17F62421C}.Debug|Any CPU.ActiveCfg = Debug|Any CPU
		{1BA7E772-8AA7-4D5A-800D-66B17F62421C}.Debug|Any CPU.Build.0 = Debug|Any CPU
		{1BA7E772-8AA7-4D5A-800D-66B17F62421C}.Release|Any CPU.ActiveCfg = Release|Any CPU
		{1BA7E772-8AA7-4D5A-800D-66B17F62421C}.Release|Any CPU.Build.0 = Release|Any CPU
		{78FC19B2-396C-4ED2-BFD9-6C5667C61666}.Debug|Any CPU.ActiveCfg = Debug|Any CPU
		{78FC19B2-396C-4ED2-BFD9-6C5667C61666}.Debug|Any CPU.Build.0 = Debug|Any CPU
		{78FC19B2-396C-4ED2-BFD9-6C5667C61666}.Release|Any CPU.ActiveCfg = Release|Any CPU
		{78FC19B2-396C-4ED2-BFD9-6C5667C61666}.Release|Any CPU.Build.0 = Release|Any CPU
		{B615B353-476C-43B9-A776-B193B0DBD256}.Debug|Any CPU.ActiveCfg = Debug|Any CPU
		{B615B353-476C-43B9-A776-B193B0DBD256}.Debug|Any CPU.Build.0 = Debug|Any CPU
		{B615B353-476C-43B9-A776-B193B0DBD256}.Release|Any CPU.ActiveCfg = Release|Any CPU
		{B615B353-476C-43B9-A776-B193B0DBD256}.Release|Any CPU.Build.0 = Release|Any CPU
		{2EC50C79-782D-4985-ABB1-AD07F35D1621}.Debug|Any CPU.ActiveCfg = Debug|Any CPU
		{2EC50C79-782D-4985-ABB1-AD07F35D1621}.Debug|Any CPU.Build.0 = Debug|Any CPU
		{2EC50C79-782D-4985-ABB1-AD07F35D1621}.Release|Any CPU.ActiveCfg = Release|Any CPU
		{2EC50C79-782D-4985-ABB1-AD07F35D1621}.Release|Any CPU.Build.0 = Release|Any CPU
		{15A16323-2CCA-472E-BE79-07259DAD5F6F}.Debug|Any CPU.ActiveCfg = Debug|Any CPU
		{15A16323-2CCA-472E-BE79-07259DAD5F6F}.Debug|Any CPU.Build.0 = Debug|Any CPU
		{15A16323-2CCA-472E-BE79-07259DAD5F6F}.Release|Any CPU.ActiveCfg = Release|Any CPU
		{15A16323-2CCA-472E-BE79-07259DAD5F6F}.Release|Any CPU.Build.0 = Release|Any CPU
		{5BACBA51-03FE-4CE1-B0F5-9E9C2A132FAB}.Debug|Any CPU.ActiveCfg = Debug|Any CPU
		{5BACBA51-03FE-4CE1-B0F5-9E9C2A132FAB}.Debug|Any CPU.Build.0 = Debug|Any CPU
		{5BACBA51-03FE-4CE1-B0F5-9E9C2A132FAB}.Release|Any CPU.ActiveCfg = Release|Any CPU
		{5BACBA51-03FE-4CE1-B0F5-9E9C2A132FAB}.Release|Any CPU.Build.0 = Release|Any CPU
		{3160CC92-1D6E-42CB-AE89-9401C8CEC5CB}.Debug|Any CPU.ActiveCfg = Debug|Any CPU
		{3160CC92-1D6E-42CB-AE89-9401C8CEC5CB}.Debug|Any CPU.Build.0 = Debug|Any CPU
		{3160CC92-1D6E-42CB-AE89-9401C8CEC5CB}.Release|Any CPU.ActiveCfg = Release|Any CPU
		{3160CC92-1D6E-42CB-AE89-9401C8CEC5CB}.Release|Any CPU.Build.0 = Release|Any CPU
		{7957E852-1291-4FAA-9034-FB66CE817FF1}.Debug|Any CPU.ActiveCfg = Debug|Any CPU
		{7957E852-1291-4FAA-9034-FB66CE817FF1}.Debug|Any CPU.Build.0 = Debug|Any CPU
		{7957E852-1291-4FAA-9034-FB66CE817FF1}.Release|Any CPU.ActiveCfg = Release|Any CPU
		{7957E852-1291-4FAA-9034-FB66CE817FF1}.Release|Any CPU.Build.0 = Release|Any CPU
		{626D74DD-4F37-4F74-87A3-5A6888684F5E}.Debug|Any CPU.ActiveCfg = Debug|Any CPU
		{626D74DD-4F37-4F74-87A3-5A6888684F5E}.Debug|Any CPU.Build.0 = Debug|Any CPU
		{626D74DD-4F37-4F74-87A3-5A6888684F5E}.Release|Any CPU.ActiveCfg = Release|Any CPU
		{626D74DD-4F37-4F74-87A3-5A6888684F5E}.Release|Any CPU.Build.0 = Release|Any CPU
		{CC0A5C98-ACDE-4139-BA2F-2995A9B8E18C}.Debug|Any CPU.ActiveCfg = Debug|Any CPU
		{CC0A5C98-ACDE-4139-BA2F-2995A9B8E18C}.Debug|Any CPU.Build.0 = Debug|Any CPU
		{CC0A5C98-ACDE-4139-BA2F-2995A9B8E18C}.Release|Any CPU.ActiveCfg = Release|Any CPU
		{CC0A5C98-ACDE-4139-BA2F-2995A9B8E18C}.Release|Any CPU.Build.0 = Release|Any CPU
		{F70AC78E-8925-4770-832A-2FC67A620EB2}.Debug|Any CPU.ActiveCfg = Debug|Any CPU
		{F70AC78E-8925-4770-832A-2FC67A620EB2}.Debug|Any CPU.Build.0 = Debug|Any CPU
		{F70AC78E-8925-4770-832A-2FC67A620EB2}.Release|Any CPU.ActiveCfg = Release|Any CPU
		{F70AC78E-8925-4770-832A-2FC67A620EB2}.Release|Any CPU.Build.0 = Release|Any CPU
		{8B570E70-0E73-4042-A4B6-1CC3CC782A65}.Debug|Any CPU.ActiveCfg = Debug|Any CPU
		{8B570E70-0E73-4042-A4B6-1CC3CC782A65}.Debug|Any CPU.Build.0 = Debug|Any CPU
		{8B570E70-0E73-4042-A4B6-1CC3CC782A65}.Release|Any CPU.ActiveCfg = Release|Any CPU
		{8B570E70-0E73-4042-A4B6-1CC3CC782A65}.Release|Any CPU.Build.0 = Release|Any CPU
		{4AA9E7B7-36BF-4AAE-BFA3-C9CE8740F4A0}.Debug|Any CPU.ActiveCfg = Debug|Any CPU
		{4AA9E7B7-36BF-4AAE-BFA3-C9CE8740F4A0}.Debug|Any CPU.Build.0 = Debug|Any CPU
		{4AA9E7B7-36BF-4AAE-BFA3-C9CE8740F4A0}.Release|Any CPU.ActiveCfg = Release|Any CPU
		{4AA9E7B7-36BF-4AAE-BFA3-C9CE8740F4A0}.Release|Any CPU.Build.0 = Release|Any CPU
		{345FC3FB-D1E9-4AE8-9052-17D20AB01FA2}.Debug|Any CPU.ActiveCfg = Debug|Any CPU
		{345FC3FB-D1E9-4AE8-9052-17D20AB01FA2}.Debug|Any CPU.Build.0 = Debug|Any CPU
		{345FC3FB-D1E9-4AE8-9052-17D20AB01FA2}.Release|Any CPU.ActiveCfg = Release|Any CPU
		{345FC3FB-D1E9-4AE8-9052-17D20AB01FA2}.Release|Any CPU.Build.0 = Release|Any CPU
		{2AED1542-A8ED-488D-B6D0-E16AB5D6EF6C}.Debug|Any CPU.ActiveCfg = Debug|Any CPU
		{2AED1542-A8ED-488D-B6D0-E16AB5D6EF6C}.Debug|Any CPU.Build.0 = Debug|Any CPU
		{2AED1542-A8ED-488D-B6D0-E16AB5D6EF6C}.Release|Any CPU.ActiveCfg = Release|Any CPU
		{2AED1542-A8ED-488D-B6D0-E16AB5D6EF6C}.Release|Any CPU.Build.0 = Release|Any CPU
		{E8212911-344B-4638-ADC3-B215BCDCAFD1}.Debug|Any CPU.ActiveCfg = Debug|Any CPU
		{E8212911-344B-4638-ADC3-B215BCDCAFD1}.Debug|Any CPU.Build.0 = Debug|Any CPU
		{E8212911-344B-4638-ADC3-B215BCDCAFD1}.Release|Any CPU.ActiveCfg = Release|Any CPU
		{E8212911-344B-4638-ADC3-B215BCDCAFD1}.Release|Any CPU.Build.0 = Release|Any CPU
		{F80F837E-D2FC-4FFC-B68F-3CF0EC015F66}.Debug|Any CPU.ActiveCfg = Debug|Any CPU
		{F80F837E-D2FC-4FFC-B68F-3CF0EC015F66}.Debug|Any CPU.Build.0 = Debug|Any CPU
		{F80F837E-D2FC-4FFC-B68F-3CF0EC015F66}.Release|Any CPU.ActiveCfg = Release|Any CPU
		{F80F837E-D2FC-4FFC-B68F-3CF0EC015F66}.Release|Any CPU.Build.0 = Release|Any CPU
		{5BE7F505-7D77-4C3A-ABFD-54088774DAA7}.Debug|Any CPU.ActiveCfg = Debug|Any CPU
		{5BE7F505-7D77-4C3A-ABFD-54088774DAA7}.Debug|Any CPU.Build.0 = Debug|Any CPU
		{5BE7F505-7D77-4C3A-ABFD-54088774DAA7}.Release|Any CPU.ActiveCfg = Release|Any CPU
		{5BE7F505-7D77-4C3A-ABFD-54088774DAA7}.Release|Any CPU.Build.0 = Release|Any CPU
		{35031EDB-C0DE-453A-8335-D2EBEA2FC640}.Debug|Any CPU.ActiveCfg = Debug|Any CPU
		{35031EDB-C0DE-453A-8335-D2EBEA2FC640}.Debug|Any CPU.Build.0 = Debug|Any CPU
		{35031EDB-C0DE-453A-8335-D2EBEA2FC640}.Release|Any CPU.ActiveCfg = Release|Any CPU
		{35031EDB-C0DE-453A-8335-D2EBEA2FC640}.Release|Any CPU.Build.0 = Release|Any CPU
		{07578B6C-9B96-4B3D-BA2E-7800EFCA7F99}.Debug|Any CPU.ActiveCfg = Debug|Any CPU
		{07578B6C-9B96-4B3D-BA2E-7800EFCA7F99}.Debug|Any CPU.Build.0 = Debug|Any CPU
		{07578B6C-9B96-4B3D-BA2E-7800EFCA7F99}.Release|Any CPU.ActiveCfg = Release|Any CPU
		{07578B6C-9B96-4B3D-BA2E-7800EFCA7F99}.Release|Any CPU.Build.0 = Release|Any CPU
		{5C61ABED-7623-4C28-A5C9-C5972A0F669C}.Debug|Any CPU.ActiveCfg = Debug|Any CPU
		{5C61ABED-7623-4C28-A5C9-C5972A0F669C}.Debug|Any CPU.Build.0 = Debug|Any CPU
		{5C61ABED-7623-4C28-A5C9-C5972A0F669C}.Release|Any CPU.ActiveCfg = Release|Any CPU
		{5C61ABED-7623-4C28-A5C9-C5972A0F669C}.Release|Any CPU.Build.0 = Release|Any CPU
		{4A175C27-EAFE-47E7-90F6-873B37863656}.Debug|Any CPU.ActiveCfg = Debug|Any CPU
		{4A175C27-EAFE-47E7-90F6-873B37863656}.Debug|Any CPU.Build.0 = Debug|Any CPU
		{4A175C27-EAFE-47E7-90F6-873B37863656}.Release|Any CPU.ActiveCfg = Release|Any CPU
		{4A175C27-EAFE-47E7-90F6-873B37863656}.Release|Any CPU.Build.0 = Release|Any CPU
		{DDC41278-FB60-403A-B969-2AEBD7C2D83C}.Debug|Any CPU.ActiveCfg = Debug|Any CPU
		{DDC41278-FB60-403A-B969-2AEBD7C2D83C}.Debug|Any CPU.Build.0 = Debug|Any CPU
		{DDC41278-FB60-403A-B969-2AEBD7C2D83C}.Release|Any CPU.ActiveCfg = Release|Any CPU
		{DDC41278-FB60-403A-B969-2AEBD7C2D83C}.Release|Any CPU.Build.0 = Release|Any CPU
		{8CA09061-2BEF-4506-A763-07062D2BD6AC}.Debug|Any CPU.ActiveCfg = Debug|Any CPU
		{8CA09061-2BEF-4506-A763-07062D2BD6AC}.Release|Any CPU.ActiveCfg = Release|Any CPU
	EndGlobalSection
	GlobalSection(SolutionProperties) = preSolution
		HideSolutionNode = FALSE
	EndGlobalSection
	GlobalSection(NestedProjects) = preSolution
		{C2DB4B64-B7C3-4FED-8753-C040F677C69A} = {27C5D71D-0721-4221-9286-B94AB07B58CF}
		{41BF4392-54BD-4FE7-A3EB-CD045F88CA9A} = {DD020B34-460F-455F-8D17-CF4A949F100B}
		{B9C12532-0969-4DAC-A2F8-CA9208D7A901} = {27C5D71D-0721-4221-9286-B94AB07B58CF}
		{62E41317-ED5D-4AA4-B129-C9E56C27354C} = {27C5D71D-0721-4221-9286-B94AB07B58CF}
		{08D602F6-7C11-4653-B70B-B56333BF6FD2} = {27C5D71D-0721-4221-9286-B94AB07B58CF}
		{383609C1-F43F-49EB-85E4-1964EE7F0F14} = {DD020B34-460F-455F-8D17-CF4A949F100B}
		{B314AD5E-10AC-418A-B021-D4206BF37ACF} = {DD020B34-460F-455F-8D17-CF4A949F100B}
		{0CD1912D-5E27-4A2A-A998-164792E0D006} = {DD020B34-460F-455F-8D17-CF4A949F100B}
		{342783B5-F75B-4752-A3E2-B8CB7D09C080} = {DD020B34-460F-455F-8D17-CF4A949F100B}
		{9C1D6ABA-5EDE-4FA0-A8A9-0AB98CB74737} = {DD020B34-460F-455F-8D17-CF4A949F100B}
		{95BAF30B-8089-42CE-8530-6DFBCE1F6A07} = {DD020B34-460F-455F-8D17-CF4A949F100B}
		{1BA7E772-8AA7-4D5A-800D-66B17F62421C} = {DD020B34-460F-455F-8D17-CF4A949F100B}
		{78FC19B2-396C-4ED2-BFD9-6C5667C61666} = {DD020B34-460F-455F-8D17-CF4A949F100B}
		{B615B353-476C-43B9-A776-B193B0DBD256} = {27C5D71D-0721-4221-9286-B94AB07B58CF}
		{A11DC259-D1DB-4686-AD28-A427D0BABA83} = {D687DDC4-66C5-4667-9E3A-FD8B78ECAA78}
		{2EC50C79-782D-4985-ABB1-AD07F35D1621} = {A11DC259-D1DB-4686-AD28-A427D0BABA83}
		{15A16323-2CCA-472E-BE79-07259DAD5F6F} = {A11DC259-D1DB-4686-AD28-A427D0BABA83}
		{5BACBA51-03FE-4CE1-B0F5-9E9C2A132FAB} = {A11DC259-D1DB-4686-AD28-A427D0BABA83}
		{3160CC92-1D6E-42CB-AE89-9401C8CEC5CB} = {A11DC259-D1DB-4686-AD28-A427D0BABA83}
		{02374BD0-BF0B-40F8-A04A-C4C4D61D4992} = {D687DDC4-66C5-4667-9E3A-FD8B78ECAA78}
		{7957E852-1291-4FAA-9034-FB66CE817FF1} = {02374BD0-BF0B-40F8-A04A-C4C4D61D4992}
		{626D74DD-4F37-4F74-87A3-5A6888684F5E} = {02374BD0-BF0B-40F8-A04A-C4C4D61D4992}
		{CC0A5C98-ACDE-4139-BA2F-2995A9B8E18C} = {02374BD0-BF0B-40F8-A04A-C4C4D61D4992}
		{A7F41094-8648-446B-AECD-DCC2CC871F73} = {D687DDC4-66C5-4667-9E3A-FD8B78ECAA78}
		{F70AC78E-8925-4770-832A-2FC67A620EB2} = {A7F41094-8648-446B-AECD-DCC2CC871F73}
		{8B570E70-0E73-4042-A4B6-1CC3CC782A65} = {A7F41094-8648-446B-AECD-DCC2CC871F73}
		{4AA9E7B7-36BF-4AAE-BFA3-C9CE8740F4A0} = {DD020B34-460F-455F-8D17-CF4A949F100B}
		{345FC3FB-D1E9-4AE8-9052-17D20AB01FA2} = {DD020B34-460F-455F-8D17-CF4A949F100B}
		{2AED1542-A8ED-488D-B6D0-E16AB5D6EF6C} = {DD020B34-460F-455F-8D17-CF4A949F100B}
		{E8212911-344B-4638-ADC3-B215BCDCAFD1} = {DD020B34-460F-455F-8D17-CF4A949F100B}
		{F80F837E-D2FC-4FFC-B68F-3CF0EC015F66} = {A7F41094-8648-446B-AECD-DCC2CC871F73}
		{5BE7F505-7D77-4C3A-ABFD-54088774DAA7} = {DD020B34-460F-455F-8D17-CF4A949F100B}
		{35031EDB-C0DE-453A-8335-D2EBEA2FC640} = {A7F41094-8648-446B-AECD-DCC2CC871F73}
		{07578B6C-9B96-4B3D-BA2E-7800EFCA7F99} = {27C5D71D-0721-4221-9286-B94AB07B58CF}
		{BF3ED6BF-ADF3-4D25-8E89-02FB8D945CA9} = {D687DDC4-66C5-4667-9E3A-FD8B78ECAA78}
		{5C61ABED-7623-4C28-A5C9-C5972A0F669C} = {BF3ED6BF-ADF3-4D25-8E89-02FB8D945CA9}
		{0EF6EA64-D7C3-420D-9890-EAE8D54A57E6} = {A7F41094-8648-446B-AECD-DCC2CC871F73}
		{4A175C27-EAFE-47E7-90F6-873B37863656} = {0EF6EA64-D7C3-420D-9890-EAE8D54A57E6}
		{DDC41278-FB60-403A-B969-2AEBD7C2D83C} = {0EF6EA64-D7C3-420D-9890-EAE8D54A57E6}
		{8CA09061-2BEF-4506-A763-07062D2BD6AC} = {BF3ED6BF-ADF3-4D25-8E89-02FB8D945CA9}
	EndGlobalSection
	GlobalSection(ExtensibilityGlobals) = postSolution
		SolutionGuid = {65220BF2-EAE1-4CB2-AA58-EBE80768CB40}
	EndGlobalSection
EndGlobal
