
Microsoft Visual Studio Solution File, Format Version 12.00
# Visual Studio Version 17
VisualStudioVersion = 17.5.33516.290
MinimumVisualStudioVersion = 10.0.40219.1
Project("{FAE04EC0-301F-11D3-BF4B-00C04F79EFBC}") = "AuthServer1", "AuthServer1\AuthServer1.csproj", "{E5C7F8A7-C662-4C75-B498-B007BFD8ED9A}"
EndProject
Global
	GlobalSection(SolutionConfigurationPlatforms) = preSolution
		Debug|Any CPU = Debug|Any CPU
		Release|Any CPU = Release|Any CPU
	EndGlobalSection
	GlobalSection(ProjectConfigurationPlatforms) = postSolution
		{E5C7F8A7-C662-4C75-B498-B007BFD8ED9A}.Debug|Any CPU.ActiveCfg = Debug|Any CPU
		{E5C7F8A7-C662-4C75-B498-B007BFD8ED9A}.Debug|Any CPU.Build.0 = Debug|Any CPU
		{E5C7F8A7-C662-4C75-B498-B007BFD8ED9A}.Release|Any CPU.ActiveCfg = Release|Any CPU
		{E5C7F8A7-C662-4C75-B498-B007BFD8ED9A}.Release|Any CPU.Build.0 = Release|Any CPU
	EndGlobalSection
	GlobalSection(SolutionProperties) = preSolution
		HideSolutionNode = FALSE
	EndGlobalSection
	GlobalSection(ExtensibilityGlobals) = postSolution
		SolutionGuid = {0B6720A3-31E1-479B-AEA3-AF2D121C1704}
	EndGlobalSection
EndGlobal
